{"version":4,"terraform_version":"1.8.8","serial":11,"lineage":"8e766023-8217-640d-df28-0d21fd1350e1","outputs":{},"resources":[{"mode":"data","type":"sops_file","name":"pve_secrets","provider":"provider[\"registry.opentofu.org/carlpett/sops\"]","instances":[{"schema_version":0,"attributes":{"data":{"proxmate_password":"Fanning7-Protract5-Fog4-Safari2-Gibberish8","pve_api_token":"opentofu@pve!provider=e5cc4e5f-6034-4e45-a63a-e3c5b9f6b1d1","pve_endpoint":"https://192.168.1.1:8006/api2/json"},"id":"-","input_type":null,"raw":"proxmate_password: Fanning7-Protract5-Fog4-Safari2-Gibberish8\npve_api_token: opentofu@pve!provider=e5cc4e5f-6034-4e45-a63a-e3c5b9f6b1d1\npve_endpoint: https://192.168.1.1:8006/api2/json\n","source_file":"pve_secrets.yaml"},"sensitive_attributes":[]}]},{"mode":"data","type":"terraform_remote_state","name":"cloudimg","provider":"provider[\"terraform.io/builtin/terraform\"]","instances":[{"schema_version":0,"attributes":{"backend":"local","config":{"value":{"path":"../cloudimg/terraform.tfstate"},"type":["object",{"path":"string"}]},"defaults":null,"outputs":{"value":{"archlinux_cloudimg_latest_file_id":"local-nvme-vm:iso/arch-linux-cloudimg-amd64-latest.qcow2.img","debian12_cloudimg_latest_file_id":"local-nvme-vm:iso/debian-12-genericcloud-amd64-latest.qcow2.img","ubuntu22_cloudimg_latest_file_id":"local-nvme-vm:iso/ubuntu-22.04-server-cloudimg-latest-amd64.img","ubuntu22_minimal_cloudimg_latest_file_id":"local-nvme-vm:iso/ubuntu-22.04-server-cloudimg-minimal-latest-amd64.img","ubuntu24_cloudimg_latest_file_id":"local-nvme-vm:iso/ubuntu-24.04-server-cloudimg-latest-amd64.img","ubuntu24_minimal_cloudimg_latest_file_id":"local-nvme-vm:iso/ubuntu-24.04-server-cloudimg-minimal-latest-amd64.img"},"type":["object",{"archlinux_cloudimg_latest_file_id":"string","debian12_cloudimg_latest_file_id":"string","ubuntu22_cloudimg_latest_file_id":"string","ubuntu22_minimal_cloudimg_latest_file_id":"string","ubuntu24_cloudimg_latest_file_id":"string","ubuntu24_minimal_cloudimg_latest_file_id":"string"}]},"workspace":null},"sensitive_attributes":[]}]},{"mode":"managed","type":"proxmox_virtual_environment_download_file","name":"talos_iso","provider":"provider[\"registry.opentofu.org/bpg/proxmox\"]","instances":[{"schema_version":0,"attributes":{"checksum":null,"checksum_algorithm":null,"content_type":"iso","datastore_id":"local-nvme-vm","decompression_algorithm":null,"file_name":"talos-v1.9.1.iso","id":"local-nvme-vm:iso/talos-v1.9.1.iso","node_name":"miniquarium","overwrite":true,"overwrite_unmanaged":false,"size":129615872,"upload_timeout":180,"url":"https://factory.talos.dev/image/698322b7ce860b1f034de6bc66315576c3b957ceff0934c8120891753f68de82/v1.9.1/metal-amd64.iso","verify":true},"sensitive_attributes":[],"dependencies":["data.sops_file.pve_secrets"]}]},{"mode":"managed","type":"proxmox_virtual_environment_vm","name":"vm","provider":"provider[\"registry.opentofu.org/bpg/proxmox\"]","instances":[{"schema_version":0,"attributes":{"acpi":true,"agent":[{"enabled":true,"timeout":"5m","trim":true,"type":"virtio"}],"audio_device":[],"bios":"seabios","boot_order":null,"cdrom":[],"clone":[],"cpu":[{"affinity":"","architecture":"","cores":2,"flags":null,"hotplugged":0,"limit":0,"numa":true,"sockets":1,"type":"host","units":1024}],"description":"Managed by OpenTofu. Talos control plane","disk":[{"aio":"io_uring","backup":true,"cache":"none","datastore_id":"local-nvme-vm","discard":"ignore","file_format":"qcow2","file_id":"local-nvme-vm:iso/talos-v1.9.1.iso","interface":"scsi0","iothread":false,"path_in_datastore":"991200/vm-991200-disk-2.qcow2","replicate":true,"serial":"","size":8,"speed":[],"ssd":false},{"aio":"io_uring","backup":true,"cache":"none","datastore_id":"local-nvme-vm","discard":"ignore","file_format":"raw","file_id":"","interface":"scsi1","iothread":false,"path_in_datastore":"991200/vm-991200-disk-0.raw","replicate":true,"serial":"","size":32,"speed":[],"ssd":false}],"efi_disk":[],"hook_script_file_id":null,"hostpci":[],"id":"991200","initialization":[],"ipv4_addresses":[["127.0.0.1"],[],[],[],[],[],[],["192.168.1.134"]],"ipv6_addresses":[["::1"],[],[],[],[],[],[],["fd5e:9992:be14:c249:be24:11ff:feca:fe00","fe80::be24:11ff:feca:fe00"]],"keyboard_layout":"fr","kvm_arguments":"","mac_addresses":["00:00:00:00:00:00","1E:ED:39:BA:F2:4C","5A:A8:89:19:84:FE","00:00:00:00:00:00","00:00:00:00:00:00","00:00:00:00:00:00","00:00:00:00:00:00","BC:24:11:CA:FE:00"],"machine":"pc-q35-9.0","memory":[{"dedicated":4096,"floating":4096,"hugepages":"","keep_hugepages":false,"shared":0}],"migrate":true,"name":"dodge","network_device":[{"bridge":"vmbr0","disconnected":false,"enabled":true,"firewall":false,"mac_address":"BC:24:11:CA:FE:00","model":"virtio","mtu":0,"queues":0,"rate_limit":0,"trunks":"","vlan_id":0}],"network_interface_names":["lo","bond0","dummy0","teql0","tunl0","sit0","ip6tnl0","eth0"],"node_name":"miniquarium","numa":[],"on_boot":true,"operating_system":[{"type":"l26"}],"pool_id":"prod","protection":false,"reboot":false,"scsi_hardware":"virtio-scsi-single","serial_device":[{"device":"socket"}],"smbios":[],"started":true,"startup":[{"down_delay":60,"order":1,"up_delay":15}],"stop_on_destroy":true,"tablet_device":false,"tags":["cp","infra","kubernetes","talos"],"template":false,"timeout_clone":1800,"timeout_create":180,"timeout_migrate":1800,"timeout_move_disk":1800,"timeout_reboot":1800,"timeout_shutdown_vm":30,"timeout_start_vm":1800,"timeout_stop_vm":30,"tpm_state":[{"datastore_id":"local-nvme-vm","version":"v2.0"}],"usb":[],"vga":[],"vm_id":991200,"watchdog":[]},"sensitive_attributes":[],"private":"bnVsbA==","dependencies":["data.sops_file.pve_secrets","data.terraform_remote_state.cloudimg","proxmox_virtual_environment_download_file.talos_iso"]}]}],"check_results":null}
