{"version":4,"terraform_version":"1.8.8","serial":2,"lineage":"19c98239-8c46-3aff-2e22-ae723730ae9a","outputs":{},"resources":[{"mode":"data","type":"sops_file","name":"pve_secrets","provider":"provider[\"registry.opentofu.org/carlpett/sops\"]","instances":[{"schema_version":0,"attributes":{"data":{"proxmate_password":"Fanning7-Protract5-Fog4-Safari2-Gibberish8","pve_api_token":"opentofu@pve!provider=e5cc4e5f-6034-4e45-a63a-e3c5b9f6b1d1","pve_endpoint":"https://192.168.1.1:8006/api2/json"},"id":"-","input_type":null,"raw":"proxmate_password: Fanning7-Protract5-Fog4-Safari2-Gibberish8\npve_api_token: opentofu@pve!provider=e5cc4e5f-6034-4e45-a63a-e3c5b9f6b1d1\npve_endpoint: https://192.168.1.1:8006/api2/json\n","source_file":"pve_secrets.yaml"},"sensitive_attributes":[]}]},{"mode":"managed","type":"proxmox_virtual_environment_download_file","name":"talos_wkr_ram","provider":"provider[\"registry.opentofu.org/bpg/proxmox\"]","instances":[{"index_key":0,"schema_version":0,"attributes":{"checksum":null,"checksum_algorithm":null,"content_type":"iso","datastore_id":"local-nvme-vm","decompression_algorithm":null,"file_name":"talos-v1.9.1-wkr-ram.qcow2.img","id":"local-nvme-vm:iso/talos-v1.9.1-wkr-ram.qcow2.img","node_name":"miniquarium","overwrite":true,"overwrite_unmanaged":false,"size":138477568,"upload_timeout":180,"url":"https://factory.talos.dev/image/f48a9b37be2d65a3f91cdbee2ccd16f5369d49b7076ebaeb9e1b4957adb210e8/v1.9.1/metal-amd64.qcow2","verify":true},"sensitive_attributes":[],"dependencies":["data.sops_file.pve_secrets"]}]},{"mode":"managed","type":"proxmox_virtual_environment_vm","name":"vm","provider":"provider[\"registry.opentofu.org/bpg/proxmox\"]","instances":[{"schema_version":0,"attributes":{"acpi":true,"agent":[{"enabled":true,"timeout":"5m","trim":true,"type":"virtio"}],"audio_device":[],"bios":"seabios","boot_order":null,"cdrom":[],"clone":[],"cpu":[{"affinity":"","architecture":"","cores":4,"flags":null,"hotplugged":0,"limit":0,"numa":true,"sockets":1,"type":"host","units":1024}],"description":"Managed by OpenTofu. Talos worker INFRA","disk":[{"aio":"native","backup":true,"cache":"none","datastore_id":"local-nvme-vm","discard":"on","file_format":"qcow2","file_id":"local-nvme-vm:iso/talos-v1.9.1-wkr-ram.qcow2.img","interface":"scsi0","iothread":true,"path_in_datastore":"991201/vm-991201-disk-1.qcow2","replicate":false,"serial":"","size":64,"speed":[],"ssd":false}],"efi_disk":[],"hook_script_file_id":null,"hostpci":[],"id":"991201","initialization":[],"ipv4_addresses":[["127.0.0.1"],[],[],[],[],[],[],["192.168.1.201"]],"ipv6_addresses":[["::1"],[],[],[],[],[],[],["fe80::be24:11ff:feca:fe01"]],"keyboard_layout":"fr","kvm_arguments":"","mac_addresses":["00:00:00:00:00:00","8E:35:BF:D1:EE:6A","6A:6F:39:CB:40:12","00:00:00:00:00:00","00:00:00:00:00:00","00:00:00:00:00:00","00:00:00:00:00:00","BC:24:11:CA:FE:01"],"machine":"pc-q35-9.0","memory":[{"dedicated":8192,"floating":8192,"hugepages":"","keep_hugepages":false,"shared":0}],"migrate":true,"name":"ram","network_device":[{"bridge":"vmbr0","disconnected":false,"enabled":true,"firewall":false,"mac_address":"BC:24:11:CA:FE:01","model":"virtio","mtu":0,"queues":0,"rate_limit":0,"trunks":"","vlan_id":0}],"network_interface_names":["lo","bond0","dummy0","teql0","tunl0","sit0","ip6tnl0","eth0"],"node_name":"miniquarium","numa":[],"on_boot":true,"operating_system":[{"type":"l26"}],"pool_id":"prod","protection":false,"reboot":false,"scsi_hardware":"virtio-scsi-single","serial_device":[{"device":"socket"}],"smbios":[],"started":true,"startup":[{"down_delay":60,"order":1,"up_delay":15}],"stop_on_destroy":true,"tablet_device":false,"tags":["infra","kubernetes","talos","worker"],"template":false,"timeout_clone":1800,"timeout_create":180,"timeout_migrate":1800,"timeout_move_disk":1800,"timeout_reboot":1800,"timeout_shutdown_vm":30,"timeout_start_vm":1800,"timeout_stop_vm":30,"tpm_state":[{"datastore_id":"local-nvme-vm","version":"v2.0"}],"usb":[],"vga":[],"vm_id":991201,"watchdog":[]},"sensitive_attributes":[],"private":"bnVsbA==","dependencies":["data.sops_file.pve_secrets","proxmox_virtual_environment_download_file.talos_cp_dodge","proxmox_virtual_environment_download_file.talos_wkr_ram","proxmox_virtual_environment_download_file.talos_wkr_viper"]}]}],"check_results":null}
