{"version":4,"terraform_version":"1.8.8","serial":30,"lineage":"c876a5e1-c704-a7c9-1bf6-ae56e7d66e2d","outputs":{"vm_root_password":{"value":"dIHYicaq9Jv1IpBo3ou0hA3e","type":"string","sensitive":true}},"resources":[{"mode":"data","type":"sops_file","name":"pve_secrets","provider":"provider[\"registry.opentofu.org/carlpett/sops\"]","instances":[{"schema_version":0,"attributes":{"data":{"proxmate_password":"Fanning7-Protract5-Fog4-Safari2-Gibberish8","pve_api_token":"opentofu@pve!provider=e5cc4e5f-6034-4e45-a63a-e3c5b9f6b1d1","pve_endpoint":"https://192.168.1.1:8006/api2/json"},"id":"-","input_type":null,"raw":"proxmate_password: Fanning7-Protract5-Fog4-Safari2-Gibberish8\npve_api_token: opentofu@pve!provider=e5cc4e5f-6034-4e45-a63a-e3c5b9f6b1d1\npve_endpoint: https://192.168.1.1:8006/api2/json\n","source_file":"pve_secrets.yaml"},"sensitive_attributes":[]}]},{"mode":"data","type":"terraform_remote_state","name":"cloudimg","provider":"provider[\"terraform.io/builtin/terraform\"]","instances":[{"schema_version":0,"attributes":{"backend":"local","config":{"value":{"path":"../cloudimg/terraform.tfstate"},"type":["object",{"path":"string"}]},"defaults":null,"outputs":{"value":{"archlinux_cloudimg_latest_file_id":"local-nvme-vm:iso/arch-linux-cloudimg-amd64-latest.qcow2.img","debian12_cloudimg_latest_file_id":"local-nvme-vm:iso/debian-12-genericcloud-amd64-latest.qcow2.img","ubuntu22_cloudimg_latest_file_id":"local-nvme-vm:iso/ubuntu-22.04-server-cloudimg-latest-amd64.img","ubuntu22_minimal_cloudimg_latest_file_id":"local-nvme-vm:iso/ubuntu-22.04-server-cloudimg-minimal-latest-amd64.img","ubuntu24_cloudimg_latest_file_id":"local-nvme-vm:iso/ubuntu-24.04-server-cloudimg-latest-amd64.img","ubuntu24_minimal_cloudimg_latest_file_id":"local-nvme-vm:iso/ubuntu-24.04-server-cloudimg-minimal-latest-amd64.img"},"type":["object",{"archlinux_cloudimg_latest_file_id":"string","debian12_cloudimg_latest_file_id":"string","ubuntu22_cloudimg_latest_file_id":"string","ubuntu22_minimal_cloudimg_latest_file_id":"string","ubuntu24_cloudimg_latest_file_id":"string","ubuntu24_minimal_cloudimg_latest_file_id":"string"}]},"workspace":null},"sensitive_attributes":[]}]},{"mode":"managed","type":"proxmox_virtual_environment_file","name":"meta_cloud_config","provider":"provider[\"registry.opentofu.org/bpg/proxmox\"]","instances":[{"schema_version":0,"attributes":{"content_type":"snippets","datastore_id":"local-nvme-vm","file_mode":null,"file_modification_date":null,"file_name":"infra01_ci_meta-data.yml","file_size":null,"file_tag":null,"id":"local-nvme-vm:snippets/infra01_ci_meta-data.yml","node_name":"miniquarium","overwrite":true,"source_file":[],"source_raw":[{"data":"instance-id: infra01-instance\nlocal-hostname: infra01\n","file_name":"infra01_ci_meta-data.yml","resize":0}],"timeout_upload":1800},"sensitive_attributes":[],"private":"bnVsbA==","dependencies":["data.sops_file.pve_secrets"]}]},{"mode":"managed","type":"proxmox_virtual_environment_file","name":"user_cloud_config","provider":"provider[\"registry.opentofu.org/bpg/proxmox\"]","instances":[{"schema_version":0,"attributes":{"content_type":"snippets","datastore_id":"local-nvme-vm","file_mode":null,"file_modification_date":"2024-12-30T17:21:32Z","file_name":"infra01_ci_user-data.yml","file_size":2016,"file_tag":"6772d69c-7e0","id":"local-nvme-vm:snippets/infra01_ci_user-data.yml","node_name":"miniquarium","overwrite":true,"source_file":[{"changed":false,"checksum":"","file_name":"infra01_ci_user-data.yml","insecure":false,"min_tls":"","path":"cloud-init/infra01.yaml"}],"source_raw":[],"timeout_upload":1800},"sensitive_attributes":[],"private":"bnVsbA==","dependencies":["data.sops_file.pve_secrets"]}]},{"mode":"managed","type":"proxmox_virtual_environment_vm","name":"vm","provider":"provider[\"registry.opentofu.org/bpg/proxmox\"]","instances":[{"schema_version":0,"attributes":{"acpi":true,"agent":[{"enabled":true,"timeout":"5m","trim":true,"type":"virtio"}],"audio_device":[],"bios":"seabios","boot_order":null,"cdrom":[],"clone":[],"cpu":[{"affinity":"","architecture":"","cores":1,"flags":null,"hotplugged":0,"limit":0,"numa":true,"sockets":1,"type":"host","units":1024}],"description":"Managed by OpenTofu. Tools installed: `cockpit`, `nut`. Used only for infra services.","disk":[{"aio":"native","backup":true,"cache":"none","datastore_id":"local-nvme-vm","discard":"on","file_format":"qcow2","file_id":"local-nvme-vm:iso/ubuntu-24.04-server-cloudimg-latest-amd64.img","interface":"scsi0","iothread":true,"path_in_datastore":"9991201/vm-9991201-disk-1.qcow2","replicate":false,"serial":"","size":32,"speed":[],"ssd":false}],"efi_disk":[{"datastore_id":"local-nvme-vm","file_format":"raw","pre_enrolled_keys":false,"type":"4m"}],"hook_script_file_id":null,"hostpci":[],"id":"9991201","initialization":[{"datastore_id":"local-nvme-vm","dns":[{"domain":"prive.dc.local.hommet.net","server":"","servers":["192.168.1.2"]}],"interface":"ide2","ip_config":[{"ipv4":[{"address":"192.168.1.101/24","gateway":"192.168.1.254"}],"ipv6":[]}],"meta_data_file_id":"local-nvme-vm:snippets/infra01_ci_meta-data.yml","network_data_file_id":"","type":"","upgrade":false,"user_account":[],"user_data_file_id":"local-nvme-vm:snippets/infra01_ci_user-data.yml","vendor_data_file_id":""}],"ipv4_addresses":[["127.0.0.1"],["192.168.1.101"]],"ipv6_addresses":[["::1"],["fd5e:9992:be14:c249:be24:11ff:feca:fe01","fd0f:ee:b0::2112:425c","fe80::be24:11ff:feca:fe01"]],"keyboard_layout":"fr","kvm_arguments":"","mac_addresses":["00:00:00:00:00:00","BC:24:11:CA:FE:01"],"machine":"pc-q35-9.0","memory":[{"dedicated":512,"floating":0,"hugepages":"","keep_hugepages":false,"shared":0}],"migrate":true,"name":"infra01","network_device":[{"bridge":"vmbr0","disconnected":false,"enabled":true,"firewall":false,"mac_address":"BC:24:11:CA:FE:01","model":"virtio","mtu":0,"queues":0,"rate_limit":0,"trunks":"","vlan_id":0}],"network_interface_names":["lo","eth0"],"node_name":"miniquarium","numa":[],"on_boot":true,"operating_system":[{"type":"l26"}],"pool_id":"prod","protection":false,"reboot":false,"scsi_hardware":"virtio-scsi-single","serial_device":[{"device":"socket"}],"smbios":[{"family":"VM","manufacturer":"QEMU","product":"virtio","serial":"","sku":"","uuid":"010746e0-55ee-4397-9987-bc9ee135380f","version":"1.0"}],"started":true,"startup":[{"down_delay":60,"order":2,"up_delay":15}],"stop_on_destroy":true,"tablet_device":false,"tags":["infra","ubuntu24"],"template":false,"timeout_clone":1800,"timeout_create":180,"timeout_migrate":1800,"timeout_move_disk":1800,"timeout_reboot":1800,"timeout_shutdown_vm":30,"timeout_start_vm":1800,"timeout_stop_vm":30,"tpm_state":[],"usb":[],"vga":[],"vm_id":9991201,"watchdog":[]},"sensitive_attributes":[],"private":"bnVsbA==","dependencies":["data.sops_file.pve_secrets","data.terraform_remote_state.cloudimg","proxmox_virtual_environment_file.meta_cloud_config","proxmox_virtual_environment_file.user_cloud_config","random_password.vm_root_password"]}]},{"mode":"managed","type":"random_password","name":"vm_root_password","provider":"provider[\"registry.opentofu.org/hashicorp/random\"]","instances":[{"schema_version":3,"attributes":{"bcrypt_hash":"$2a$10$8M8FUD.yMGlfaaZ0DabliOXP.eQf6CeAIXztFb.lvopqZs9BH1DAy","id":"none","keepers":null,"length":24,"lower":true,"min_lower":0,"min_numeric":0,"min_special":0,"min_upper":0,"number":true,"numeric":true,"override_special":"_%@","result":"dIHYicaq9Jv1IpBo3ou0hA3e","special":true,"upper":true},"sensitive_attributes":[[{"type":"get_attr","value":"result"}],[{"type":"get_attr","value":"bcrypt_hash"}]]}]}],"check_results":null}
