{"version":4,"terraform_version":"1.8.4","serial":143,"lineage":"5bfcfb4f-7759-0dc2-8fc7-dfb4f8bbd265","outputs":{},"resources":[{"mode":"data","type":"sops_file","name":"pve_secrets","provider":"provider[\"registry.opentofu.org/carlpett/sops\"]","instances":[{"schema_version":0,"attributes":{"data":{"pve_api_token":"builder@pve!opentofu=d916d4b9-a236-47b4-8297-0b8f897d1a8d","pve_endpoint":"https://192.168.1.1:8006/api2/json"},"id":"-","input_type":null,"raw":"pve_api_token: builder@pve!opentofu=d916d4b9-a236-47b4-8297-0b8f897d1a8d\npve_endpoint: https://192.168.1.1:8006/api2/json\n","source_file":"pve_secrets.yaml"},"sensitive_attributes":[]}]},{"mode":"managed","type":"proxmox_virtual_environment_download_file","name":"archlinux_cloudimg_latest","provider":"provider[\"registry.opentofu.org/bpg/proxmox\"]","instances":[{"schema_version":0,"attributes":{"checksum":null,"checksum_algorithm":null,"content_type":"iso","datastore_id":"local","decompression_algorithm":null,"file_name":"archlinux-latest-cloudimg-amd64.img","id":"local:iso/archlinux-latest-cloudimg-amd64.img","node_name":"proxmox","overwrite":true,"overwrite_unmanaged":false,"size":477560832,"upload_timeout":180,"url":"https://geo.mirror.pkgbuild.com/images/v20241001.267073/Arch-Linux-x86_64-basic.qcow2","verify":true},"sensitive_attributes":[],"private":"eyJvcmlnaW5hbF9zdGF0ZV9zaXplIjoiTkRjM05UWXdPRE15IiwidXJsX3NpemUiOiJORGMzTlRZd09ETXkifQ==","dependencies":["data.sops_file.pve_secrets"]}]},{"mode":"managed","type":"proxmox_virtual_environment_download_file","name":"ubuntu22_cloudimg_latest","provider":"provider[\"registry.opentofu.org/bpg/proxmox\"]","instances":[{"schema_version":0,"attributes":{"checksum":"0ba0fd632a90d981625d842abf18453d5bf3fd7bb64e6dd61809794c6749e18b","checksum_algorithm":"sha256","content_type":"iso","datastore_id":"local","decompression_algorithm":null,"file_name":"ubuntu-22.04-server-cloudimg-amd64.img","id":"local:iso/ubuntu-22.04-server-cloudimg-amd64.img","node_name":"proxmox","overwrite":true,"overwrite_unmanaged":false,"size":653467136,"upload_timeout":180,"url":"https://cloud-images.ubuntu.com/jammy/20241004/jammy-server-cloudimg-amd64.img","verify":true},"sensitive_attributes":[],"private":"eyJvcmlnaW5hbF9zdGF0ZV9zaXplIjoiTmpVek5EWTNNVE0yIiwidXJsX3NpemUiOiJOalV6TkRZM01UTTIifQ==","dependencies":["data.sops_file.pve_secrets"]}]},{"mode":"managed","type":"proxmox_virtual_environment_download_file","name":"ubuntu22_cloudimg_minimal_latest","provider":"provider[\"registry.opentofu.org/bpg/proxmox\"]","instances":[{"schema_version":0,"attributes":{"checksum":"a426bbf3c64132d022792cafbf50d965b0fd8d68dd33b45eb96e327e8abb857c","checksum_algorithm":"sha256","content_type":"iso","datastore_id":"local","decompression_algorithm":null,"file_name":"ubuntu-22.04-server-minimal-cloudimg-amd64.img","id":"local:iso/ubuntu-22.04-server-minimal-cloudimg-amd64.img","node_name":"proxmox","overwrite":true,"overwrite_unmanaged":false,"size":299451392,"upload_timeout":180,"url":"https://cloud-images.ubuntu.com/minimal/releases/jammy/release/ubuntu-22.04-minimal-cloudimg-amd64.img","verify":true},"sensitive_attributes":[],"private":"eyJvcmlnaW5hbF9zdGF0ZV9zaXplIjoiTWprNU5EVXhNemt5IiwidXJsX3NpemUiOiJNams1TkRVeE16a3kifQ==","dependencies":["data.sops_file.pve_secrets"]}]},{"mode":"managed","type":"proxmox_virtual_environment_download_file","name":"ubuntu24_cloudimg_latest","provider":"provider[\"registry.opentofu.org/bpg/proxmox\"]","instances":[{"schema_version":0,"attributes":{"checksum":"5dc7f9c796442a51316d8431480fbe3f62cadbfde4d58a14d34dd987c01fd655","checksum_algorithm":"sha256","content_type":"iso","datastore_id":"local","decompression_algorithm":null,"file_name":"ubuntu-24.04-server-cloudimg-amd64.img","id":"local:iso/ubuntu-24.04-server-cloudimg-amd64.img","node_name":"proxmox","overwrite":true,"overwrite_unmanaged":false,"size":606874624,"upload_timeout":180,"url":"https://cloud-images.ubuntu.com/noble/20241106/noble-server-cloudimg-amd64.img","verify":true},"sensitive_attributes":[],"private":"eyJvcmlnaW5hbF9zdGF0ZV9zaXplIjoiTmpBMk9EYzBOakkwIiwidXJsX3NpemUiOiJOakEyT0RjME5qSTAifQ==","dependencies":["data.sops_file.pve_secrets"]}]},{"mode":"managed","type":"proxmox_virtual_environment_download_file","name":"ubuntu24_cloudimg_minimal_latest","provider":"provider[\"registry.opentofu.org/bpg/proxmox\"]","instances":[{"schema_version":0,"attributes":{"checksum":"a5e583583782b9fa631165e5c66a53201fcabd58e5098424babee0674160fb54","checksum_algorithm":"sha256","content_type":"iso","datastore_id":"local","decompression_algorithm":null,"file_name":"ubuntu-24.04-server-minimal-cloudimg-amd64.img","id":"local:iso/ubuntu-24.04-server-minimal-cloudimg-amd64.img","node_name":"proxmox","overwrite":true,"overwrite_unmanaged":false,"size":240517120,"upload_timeout":180,"url":"https://cloud-images.ubuntu.com/minimal/releases/noble/release/ubuntu-24.04-minimal-cloudimg-amd64.img","verify":true},"sensitive_attributes":[],"private":"eyJvcmlnaW5hbF9zdGF0ZV9zaXplIjoiTWpRd05URTNNVEl3IiwidXJsX3NpemUiOiJNalF3TlRFM01USXcifQ==","dependencies":["data.sops_file.pve_secrets"]}]},{"mode":"managed","type":"proxmox_virtual_environment_file","name":"meta_cloud_config","provider":"provider[\"registry.opentofu.org/bpg/proxmox\"]","instances":[{"index_key":"docker01","schema_version":0,"attributes":{"content_type":"snippets","datastore_id":"local","file_mode":null,"file_modification_date":null,"file_name":"docker01_ci_meta-data.yml","file_size":null,"file_tag":null,"id":"local:snippets/docker01_ci_meta-data.yml","node_name":"proxmox","overwrite":true,"source_file":[],"source_raw":[{"data":"instance-id: docker01-instance\nlocal-hostname: docker01\n","file_name":"docker01_ci_meta-data.yml","resize":0}],"timeout_upload":1800},"sensitive_attributes":[],"private":"bnVsbA==","dependencies":["data.sops_file.pve_secrets"]},{"index_key":"k3s01","schema_version":0,"attributes":{"content_type":"snippets","datastore_id":"local","file_mode":null,"file_modification_date":null,"file_name":"k3s01_ci_meta-data.yml","file_size":null,"file_tag":null,"id":"local:snippets/k3s01_ci_meta-data.yml","node_name":"proxmox","overwrite":true,"source_file":[],"source_raw":[{"data":"instance-id: k3s01-instance\nlocal-hostname: k3s01\n","file_name":"k3s01_ci_meta-data.yml","resize":0}],"timeout_upload":1800},"sensitive_attributes":[],"private":"bnVsbA==","dependencies":["data.sops_file.pve_secrets"]},{"index_key":"ups01","schema_version":0,"attributes":{"content_type":"snippets","datastore_id":"local","file_mode":null,"file_modification_date":null,"file_name":"ups01_ci_meta-data.yml","file_size":null,"file_tag":null,"id":"local:snippets/ups01_ci_meta-data.yml","node_name":"proxmox","overwrite":true,"source_file":[],"source_raw":[{"data":"instance-id: ups01-instance\nlocal-hostname: ups01\n","file_name":"ups01_ci_meta-data.yml","resize":0}],"timeout_upload":1800},"sensitive_attributes":[],"private":"bnVsbA==","dependencies":["data.sops_file.pve_secrets"]}]},{"mode":"managed","type":"proxmox_virtual_environment_file","name":"user_cloud_config","provider":"provider[\"registry.opentofu.org/bpg/proxmox\"]","instances":[{"index_key":"docker01","schema_version":0,"attributes":{"content_type":"snippets","datastore_id":"local","file_mode":null,"file_modification_date":"2024-11-28T20:49:31Z","file_name":"docker01_ci_user-data.yml","file_size":12405,"file_tag":"6748d75b-3075","id":"local:snippets/docker01_ci_user-data.yml","node_name":"proxmox","overwrite":true,"source_file":[{"changed":false,"checksum":"","file_name":"docker01_ci_user-data.yml","insecure":false,"min_tls":"","path":"cloud-init/docker01.yaml"}],"source_raw":[],"timeout_upload":1800},"sensitive_attributes":[],"private":"bnVsbA==","dependencies":["data.sops_file.pve_secrets"]},{"index_key":"k3s01","schema_version":0,"attributes":{"content_type":"snippets","datastore_id":"local","file_mode":null,"file_modification_date":"2024-11-28T20:49:30Z","file_name":"k3s01_ci_user-data.yml","file_size":1268,"file_tag":"6748d75a-4f4","id":"local:snippets/k3s01_ci_user-data.yml","node_name":"proxmox","overwrite":true,"source_file":[{"changed":false,"checksum":"","file_name":"k3s01_ci_user-data.yml","insecure":false,"min_tls":"","path":"cloud-init/k3s01.yaml"}],"source_raw":[],"timeout_upload":1800},"sensitive_attributes":[],"private":"bnVsbA==","dependencies":["data.sops_file.pve_secrets"]},{"index_key":"ups01","schema_version":0,"attributes":{"content_type":"snippets","datastore_id":"local","file_mode":null,"file_modification_date":"2024-11-28T20:49:28Z","file_name":"ups01_ci_user-data.yml","file_size":993,"file_tag":"6748d758-3e1","id":"local:snippets/ups01_ci_user-data.yml","node_name":"proxmox","overwrite":true,"source_file":[{"changed":false,"checksum":"","file_name":"ups01_ci_user-data.yml","insecure":false,"min_tls":"","path":"cloud-init/ups01.yaml"}],"source_raw":[],"timeout_upload":1800},"sensitive_attributes":[],"private":"bnVsbA==","dependencies":["data.sops_file.pve_secrets"]}]},{"mode":"managed","type":"proxmox_virtual_environment_vm","name":"vm","provider":"provider[\"registry.opentofu.org/bpg/proxmox\"]","instances":[{"index_key":"docker01","schema_version":0,"attributes":{"acpi":true,"agent":[{"enabled":true,"timeout":"5m","trim":true,"type":"virtio"}],"audio_device":[],"bios":"ovmf","boot_order":null,"cdrom":[],"clone":[],"cpu":[{"affinity":"","architecture":"","cores":2,"flags":[],"hotplugged":0,"limit":0,"numa":true,"sockets":1,"type":"host","units":1024}],"description":"Managed by OpenTofu. Tools installed: `cockpit`, `docker`, `docker-compose`. Used for Rancher and Ghost blog (temp).","disk":[{"aio":"native","backup":true,"cache":"none","datastore_id":"zfsvm","discard":"on","file_format":"raw","file_id":"local:iso/ubuntu-24.04-server-minimal-cloudimg-amd64.img","interface":"scsi0","iothread":true,"path_in_datastore":"vm-1202-disk-1","replicate":false,"serial":"","size":64,"speed":[],"ssd":false}],"efi_disk":[{"datastore_id":"zfsvm","file_format":"raw","pre_enrolled_keys":true,"type":"4m"}],"hook_script_file_id":null,"hostpci":[],"id":"1202","initialization":[{"datastore_id":"zfsvm","dns":[{"domain":"local.hommet.net","server":"","servers":["192.168.1.2"]}],"interface":"ide2","ip_config":[{"ipv4":[{"address":"192.168.1.202/24","gateway":"192.168.1.254"}],"ipv6":[]}],"meta_data_file_id":"local:snippets/docker01_ci_meta-data.yml","network_data_file_id":"","type":"","upgrade":false,"user_account":[],"user_data_file_id":"local:snippets/docker01_ci_user-data.yml","vendor_data_file_id":""}],"ipv4_addresses":[],"ipv6_addresses":[],"keyboard_layout":"fr","kvm_arguments":"","mac_addresses":[],"machine":"pc-q35-9.0","memory":[{"dedicated":6144,"floating":0,"hugepages":"","keep_hugepages":false,"shared":0}],"migrate":true,"name":"docker01","network_device":[{"bridge":"vmbr0","disconnected":false,"enabled":true,"firewall":false,"mac_address":"BC:24:11:CA:FE:02","model":"virtio","mtu":0,"queues":0,"rate_limit":200,"trunks":"","vlan_id":0}],"network_interface_names":[],"node_name":"proxmox","numa":[],"on_boot":true,"operating_system":[{"type":"l26"}],"pool_id":"prod","protection":false,"reboot":false,"scsi_hardware":"virtio-scsi-single","serial_device":[{"device":"socket"}],"smbios":[{"family":"VM","manufacturer":"QEMU","product":"virtio","serial":"","sku":"","uuid":"c0506c06-5818-442f-bbdd-9ea19ffeb9ae","version":"1.0"}],"started":true,"startup":[{"down_delay":60,"order":1,"up_delay":60}],"stop_on_destroy":true,"tablet_device":false,"tags":["docker","ubuntu24"],"template":false,"timeout_clone":1800,"timeout_create":180,"timeout_migrate":1800,"timeout_move_disk":1800,"timeout_reboot":1800,"timeout_shutdown_vm":30,"timeout_start_vm":1800,"timeout_stop_vm":30,"tpm_state":[],"usb":[],"vga":[],"vm_id":1202,"watchdog":[]},"sensitive_attributes":[],"private":"bnVsbA==","dependencies":["data.sops_file.pve_secrets","proxmox_virtual_environment_download_file.archlinux_cloudimg_latest","proxmox_virtual_environment_download_file.ubuntu22_cloudimg_latest","proxmox_virtual_environment_download_file.ubuntu22_cloudimg_minimal_latest","proxmox_virtual_environment_download_file.ubuntu24_cloudimg_latest","proxmox_virtual_environment_download_file.ubuntu24_cloudimg_minimal_latest","proxmox_virtual_environment_file.meta_cloud_config","proxmox_virtual_environment_file.user_cloud_config"]},{"index_key":"k3s01","schema_version":0,"attributes":{"acpi":true,"agent":[{"enabled":true,"timeout":"5m","trim":true,"type":"virtio"}],"audio_device":[],"bios":"ovmf","boot_order":null,"cdrom":[],"clone":[],"cpu":[{"affinity":"","architecture":"","cores":4,"flags":[],"hotplugged":0,"limit":0,"numa":true,"sockets":1,"type":"host","units":1024}],"description":"Managed by OpenTofu. Tools installed: `cockpit`, `k3s`. Lightweight kubernetes cluster.","disk":[{"aio":"native","backup":true,"cache":"none","datastore_id":"zfsvm","discard":"on","file_format":"raw","file_id":"local:iso/ubuntu-22.04-server-minimal-cloudimg-amd64.img","interface":"scsi0","iothread":true,"path_in_datastore":"vm-1203-disk-1","replicate":false,"serial":"","size":64,"speed":[],"ssd":false}],"efi_disk":[{"datastore_id":"zfsvm","file_format":"raw","pre_enrolled_keys":true,"type":"4m"}],"hook_script_file_id":null,"hostpci":[],"id":"1203","initialization":[{"datastore_id":"zfsvm","dns":[{"domain":"local.hommet.net","server":"","servers":["192.168.1.2"]}],"interface":"ide2","ip_config":[{"ipv4":[{"address":"192.168.1.203/24","gateway":"192.168.1.254"}],"ipv6":[]}],"meta_data_file_id":"local:snippets/k3s01_ci_meta-data.yml","network_data_file_id":"","type":"","upgrade":false,"user_account":[],"user_data_file_id":"local:snippets/k3s01_ci_user-data.yml","vendor_data_file_id":""}],"ipv4_addresses":[],"ipv6_addresses":[],"keyboard_layout":"fr","kvm_arguments":"","mac_addresses":[],"machine":"pc-q35-9.0","memory":[{"dedicated":12288,"floating":0,"hugepages":"","keep_hugepages":false,"shared":0}],"migrate":true,"name":"k3s01","network_device":[{"bridge":"vmbr0","disconnected":false,"enabled":true,"firewall":false,"mac_address":"BC:24:11:CA:FE:03","model":"virtio","mtu":0,"queues":0,"rate_limit":0,"trunks":"","vlan_id":0}],"network_interface_names":[],"node_name":"proxmox","numa":[],"on_boot":true,"operating_system":[{"type":"l26"}],"pool_id":"prod","protection":false,"reboot":false,"scsi_hardware":"virtio-scsi-single","serial_device":[{"device":"socket"}],"smbios":[{"family":"VM","manufacturer":"QEMU","product":"virtio","serial":"","sku":"","uuid":"81060688-e48a-4029-babd-780cea83a1f6","version":"1.0"}],"started":true,"startup":[{"down_delay":60,"order":2,"up_delay":60}],"stop_on_destroy":true,"tablet_device":false,"tags":["k3s","ubuntu22"],"template":false,"timeout_clone":1800,"timeout_create":180,"timeout_migrate":1800,"timeout_move_disk":1800,"timeout_reboot":1800,"timeout_shutdown_vm":30,"timeout_start_vm":1800,"timeout_stop_vm":30,"tpm_state":[],"usb":[],"vga":[],"vm_id":1203,"watchdog":[]},"sensitive_attributes":[],"private":"bnVsbA==","dependencies":["data.sops_file.pve_secrets","proxmox_virtual_environment_download_file.archlinux_cloudimg_latest","proxmox_virtual_environment_download_file.ubuntu22_cloudimg_latest","proxmox_virtual_environment_download_file.ubuntu22_cloudimg_minimal_latest","proxmox_virtual_environment_download_file.ubuntu24_cloudimg_latest","proxmox_virtual_environment_download_file.ubuntu24_cloudimg_minimal_latest","proxmox_virtual_environment_file.meta_cloud_config","proxmox_virtual_environment_file.user_cloud_config"]},{"index_key":"ups01","status":"tainted","schema_version":0,"attributes":{"acpi":true,"agent":[{"enabled":true,"timeout":"5m","trim":true,"type":"virtio"}],"audio_device":[],"bios":"ovmf","boot_order":null,"cdrom":[],"clone":[],"cpu":[{"affinity":"","architecture":"","cores":1,"flags":null,"hotplugged":0,"limit":0,"numa":true,"sockets":1,"type":"host","units":1024}],"description":"Managed by OpenTofu. Tools installed: `cockpit`, `nut`. Used only for infra services.","disk":[{"aio":"native","backup":true,"cache":"none","datastore_id":"zfsvm","discard":"on","file_format":"","file_id":"local:iso/archlinux-latest-cloudimg-amd64.img","interface":"scsi0","iothread":true,"path_in_datastore":"","replicate":false,"serial":"","size":32,"speed":[],"ssd":false}],"efi_disk":[{"datastore_id":"zfsvm","file_format":"","pre_enrolled_keys":true,"type":"4m"}],"hook_script_file_id":null,"hostpci":[],"id":"1201","initialization":[{"datastore_id":"zfsvm","dns":[{"domain":"local.hommet.net","server":"","servers":["192.168.1.2"]}],"interface":"","ip_config":[{"ipv4":[{"address":"192.168.1.201/24","gateway":"192.168.1.254"}],"ipv6":[]}],"meta_data_file_id":"local:snippets/ups01_ci_meta-data.yml","network_data_file_id":"","type":"","upgrade":false,"user_account":[],"user_data_file_id":"local:snippets/ups01_ci_user-data.yml","vendor_data_file_id":""}],"ipv4_addresses":null,"ipv6_addresses":null,"keyboard_layout":"fr","kvm_arguments":null,"mac_addresses":null,"machine":"pc-q35-9.0","memory":[{"dedicated":256,"floating":0,"hugepages":"","keep_hugepages":false,"shared":0}],"migrate":true,"name":"ups01","network_device":[{"bridge":"vmbr0","disconnected":false,"enabled":true,"firewall":false,"mac_address":"BC:24:11:CA:FE:01","model":"virtio","mtu":0,"queues":0,"rate_limit":0,"trunks":"","vlan_id":0}],"network_interface_names":null,"node_name":"proxmox","numa":[],"on_boot":true,"operating_system":[{"type":"l26"}],"pool_id":"prod","protection":false,"reboot":false,"scsi_hardware":"virtio-scsi-single","serial_device":[{"device":"socket"}],"smbios":[{"family":"VM","manufacturer":"QEMU","product":"virtio","serial":"","sku":"","uuid":"","version":"1.0"}],"started":true,"startup":[{"down_delay":60,"order":2,"up_delay":60}],"stop_on_destroy":true,"tablet_device":false,"tags":["arch","infra"],"template":false,"timeout_clone":1800,"timeout_create":180,"timeout_migrate":1800,"timeout_move_disk":1800,"timeout_reboot":1800,"timeout_shutdown_vm":30,"timeout_start_vm":1800,"timeout_stop_vm":30,"tpm_state":[],"usb":[],"vga":[],"vm_id":1201,"watchdog":[]},"sensitive_attributes":[],"private":"bnVsbA==","dependencies":["data.sops_file.pve_secrets","proxmox_virtual_environment_download_file.archlinux_cloudimg_latest","proxmox_virtual_environment_download_file.ubuntu22_cloudimg_latest","proxmox_virtual_environment_download_file.ubuntu22_cloudimg_minimal_latest","proxmox_virtual_environment_download_file.ubuntu24_cloudimg_latest","proxmox_virtual_environment_download_file.ubuntu24_cloudimg_minimal_latest","proxmox_virtual_environment_file.meta_cloud_config","proxmox_virtual_environment_file.user_cloud_config"]}]}],"check_results":null}
