{"version":4,"terraform_version":"1.9.0","serial":32,"lineage":"31d24364-da52-dd5c-fc21-65af8ebf2c64","outputs":{"almalinux95_iso_file_id":{"value":"local:iso/AlmaLinux-9.5-x86_64-minimal.iso","type":"string"},"almalinux95_qcow2_file_id":{"value":"local:iso/AlmaLinux-9-GenericCloud-9.5-20241120.x86_64.img","type":"string"},"alpine_standard_iso_file_id":{"value":"local:iso/alpine-standard-3.21.2-x86_64.iso","type":"string"},"alpine_virt_iso_file_id":{"value":"local:iso/alpine-virt-3.21.2-x86_64.iso","type":"string"},"archlinux_cloudimg_file_id":{"value":"local:iso/Arch-Linux-x86_64-cloudimg.img","type":"string"},"archlinux_iso_file_id":{"value":"local:iso/archlinux-2025.02.01-x86_64.iso","type":"string"},"debian12_cloudimg_file_id":{"value":"local:iso/debian-12-nocloud-amd64.img","type":"string"},"debian12_iso_file_id":{"value":"local:iso/debian-12.9.0-amd64-netinst.iso","type":"string"},"endeavouros_iso_file_id":{"value":"local:iso/EndeavourOS_Endeavour_neo-2024.09.22.iso","type":"string"},"fedora41_iso_file_id":{"value":"local:iso/Fedora-Workstation-Live-x86_64-41-1.4.iso","type":"string"},"gparted_live_iso_file_id":{"value":"local:iso/gparted-live-1.7.0-1-amd64.iso","type":"string"},"ipfire_iso_file_id":{"value":"local:iso/ipfire-2.29-core191-x86_64.iso","type":"string"},"kali_iso_file_id":{"value":"local:iso/kali-linux-2024.4-live-amd64.iso","type":"string"},"nixos_gnome_iso_file_id":{"value":"local:iso/nixos-24.11-gnome-x86_64-linux.iso","type":"string"},"nixos_minimal_iso_file_id":{"value":"local:iso/nixos-24.11-minimal-x86_64-linux.iso","type":"string"},"opnsense_img_file_id":{"value":"local:iso/OPNsense-25.1-vga-amd64.img","type":"string"},"pbs_122024_file_id":{"value":"local:iso/proxmox-backup-server_3.3-1.iso","type":"string"},"qubes_iso_file_id":{"value":"local:iso/Qubes-R4.2.3-x86_64.iso","type":"string"},"tails_iso_file_id":{"value":"local:iso/tails-amd64-6.12.iso","type":"string"},"truenas_scale_iso_file_id":{"value":"local:iso/TrueNAS-SCALE-24.10.2.iso","type":"string"},"truenas_stable_iso_file_id":{"value":"local:iso/TrueNAS-13.0-U6.7.iso","type":"string"},"ubuntu22_cloudimg_file_id":{"value":"local:iso/ubuntu-22-amd64.img","type":"string"},"ubuntu22_iso_file_id":{"value":"local:iso/ubuntu-22.04.5-live-server-amd64.iso","type":"string"},"ubuntu24_cloudimg_file_id":{"value":"local:iso/ubuntu-24-amd64.img","type":"string"},"ubuntu24_iso_file_id":{"value":"local:iso/ubuntu-24.04.1-live-server-amd64.iso","type":"string"}},"resources":[{"mode":"data","type":"sops_file","name":"pve_secrets","provider":"provider[\"registry.opentofu.org/carlpett/sops\"]","instances":[{"schema_version":0,"attributes":{"data":{"proxmate_password":"Fanning7-Protract5-Fog4-Safari2-Gibberish8","pve_api_token":"opentofu@pve!provider=e5cc4e5f-6034-4e45-a63a-e3c5b9f6b1d1","pve_endpoint":"https://192.168.1.1:8006/api2/json"},"id":"-","input_type":null,"raw":"proxmate_password: Fanning7-Protract5-Fog4-Safari2-Gibberish8\npve_api_token: opentofu@pve!provider=e5cc4e5f-6034-4e45-a63a-e3c5b9f6b1d1\npve_endpoint: https://192.168.1.1:8006/api2/json\n","source_file":"pve_secrets.yaml"},"sensitive_attributes":[]}]},{"mode":"managed","type":"proxmox_virtual_environment_download_file","name":"almalinux95_iso","provider":"provider[\"registry.opentofu.org/bpg/proxmox\"]","instances":[{"schema_version":0,"attributes":{"checksum":"eef492206912252f2e24a74d3133b46cb4d240b54ffb3300a94000905b2590d3","checksum_algorithm":"sha256","content_type":"iso","datastore_id":"local","decompression_algorithm":null,"file_name":"AlmaLinux-9.5-x86_64-minimal.iso","id":"local:iso/AlmaLinux-9.5-x86_64-minimal.iso","node_name":"miniquarium","overwrite":true,"overwrite_unmanaged":false,"size":2124414976,"upload_timeout":600,"url":"https://repo.almalinux.org/almalinux/9.5/isos/x86_64/AlmaLinux-9.5-x86_64-minimal.iso","verify":true},"sensitive_attributes":[],"private":"eyJvcmlnaW5hbF9zdGF0ZV9zaXplIjoiTWpFeU5EUXhORGszTmc9PSIsInVybF9zaXplIjoiTWpFeU5EUXhORGszTmc9PSJ9","dependencies":["data.sops_file.pve_secrets"]}]},{"mode":"managed","type":"proxmox_virtual_environment_download_file","name":"almalinux95_qcow2","provider":"provider[\"registry.opentofu.org/bpg/proxmox\"]","instances":[{"schema_version":0,"attributes":{"checksum":"abddf01589d46c841f718cec239392924a03b34c4fe84929af5d543c50e37e37","checksum_algorithm":"sha256","content_type":"iso","datastore_id":"local","decompression_algorithm":null,"file_name":"AlmaLinux-9-GenericCloud-9.5-20241120.x86_64.img","id":"local:iso/AlmaLinux-9-GenericCloud-9.5-20241120.x86_64.img","node_name":"miniquarium","overwrite":true,"overwrite_unmanaged":false,"size":490995712,"upload_timeout":600,"url":"https://repo.almalinux.org/almalinux/9/cloud/x86_64/images/AlmaLinux-9-GenericCloud-9.5-20241120.x86_64.qcow2","verify":true},"sensitive_attributes":[],"private":"eyJvcmlnaW5hbF9zdGF0ZV9zaXplIjoiTkRrd09UazFOekV5IiwidXJsX3NpemUiOiJORGt3T1RrMU56RXkifQ==","dependencies":["data.sops_file.pve_secrets"]}]},{"mode":"managed","type":"proxmox_virtual_environment_download_file","name":"alpine_standard_iso","provider":"provider[\"registry.opentofu.org/bpg/proxmox\"]","instances":[{"schema_version":0,"attributes":{"checksum":"706e9521cd21188786cb983131040ee68399e504924ea3318d600d1e04a93878","checksum_algorithm":"sha256","content_type":"iso","datastore_id":"local","decompression_algorithm":null,"file_name":"alpine-standard-3.21.2-x86_64.iso","id":"local:iso/alpine-standard-3.21.2-x86_64.iso","node_name":"miniquarium","overwrite":true,"overwrite_unmanaged":false,"size":252706816,"upload_timeout":600,"url":"https://dl-cdn.alpinelinux.org/alpine/v3.21/releases/x86_64/alpine-standard-3.21.2-x86_64.iso","verify":true},"sensitive_attributes":[],"private":"eyJvcmlnaW5hbF9zdGF0ZV9zaXplIjoiTWpVeU56QTJPREUyIiwidXJsX3NpemUiOiJNalV5TnpBMk9ERTIifQ==","dependencies":["data.sops_file.pve_secrets"]}]},{"mode":"managed","type":"proxmox_virtual_environment_download_file","name":"alpine_virt_iso","provider":"provider[\"registry.opentofu.org/bpg/proxmox\"]","instances":[{"schema_version":0,"attributes":{"checksum":"e877549fb113ba93f89f3755742f3e5178ae66fb345bf6a74a9ddbe1e8bd2ec6","checksum_algorithm":"sha256","content_type":"iso","datastore_id":"local","decompression_algorithm":null,"file_name":"alpine-virt-3.21.2-x86_64.iso","id":"local:iso/alpine-virt-3.21.2-x86_64.iso","node_name":"miniquarium","overwrite":true,"overwrite_unmanaged":false,"size":66060288,"upload_timeout":600,"url":"https://dl-cdn.alpinelinux.org/alpine/v3.21/releases/x86_64/alpine-virt-3.21.2-x86_64.iso","verify":true},"sensitive_attributes":[],"private":"eyJvcmlnaW5hbF9zdGF0ZV9zaXplIjoiTmpZd05qQXlPRGc9IiwidXJsX3NpemUiOiJOall3TmpBeU9EZz0ifQ==","dependencies":["data.sops_file.pve_secrets"]}]},{"mode":"managed","type":"proxmox_virtual_environment_download_file","name":"archlinux_cloudimg","provider":"provider[\"registry.opentofu.org/bpg/proxmox\"]","instances":[{"schema_version":0,"attributes":{"checksum":"05af480ff2850e66b6a39b005c80464e045f2330b27a2350b1fbafc9c34f92b3","checksum_algorithm":"sha256","content_type":"iso","datastore_id":"local","decompression_algorithm":null,"file_name":"Arch-Linux-x86_64-cloudimg.img","id":"local:iso/Arch-Linux-x86_64-cloudimg.img","node_name":"miniquarium","overwrite":true,"overwrite_unmanaged":false,"size":547829760,"upload_timeout":180,"url":"https://geo.mirror.pkgbuild.com/images/v20250201.304316/Arch-Linux-x86_64-cloudimg.qcow2","verify":true},"sensitive_attributes":[],"private":"eyJvcmlnaW5hbF9zdGF0ZV9zaXplIjoiTlRRM09ESTVOell3IiwidXJsX3NpemUiOiJOVFEzT0RJNU56WXcifQ==","dependencies":["data.sops_file.pve_secrets"]}]},{"mode":"managed","type":"proxmox_virtual_environment_download_file","name":"archlinux_iso","provider":"provider[\"registry.opentofu.org/bpg/proxmox\"]","instances":[{"schema_version":0,"attributes":{"checksum":"45f097416d604ac20e982d2137534ffbe00990ba36dcb9bd259c05a4515f20cd","checksum_algorithm":"sha256","content_type":"iso","datastore_id":"local","decompression_algorithm":null,"file_name":"archlinux-2025.02.01-x86_64.iso","id":"local:iso/archlinux-2025.02.01-x86_64.iso","node_name":"miniquarium","overwrite":true,"overwrite_unmanaged":false,"size":1236303872,"upload_timeout":600,"url":"https://archlinux.mirrors.ovh.net/archlinux/iso/2025.02.01/archlinux-2025.02.01-x86_64.iso","verify":true},"sensitive_attributes":[],"private":"eyJvcmlnaW5hbF9zdGF0ZV9zaXplIjoiTVRJek5qTXdNemczTWc9PSIsInVybF9zaXplIjoiTVRJek5qTXdNemczTWc9PSJ9","dependencies":["data.sops_file.pve_secrets"]}]},{"mode":"managed","type":"proxmox_virtual_environment_download_file","name":"debian12_cloudimg","provider":"provider[\"registry.opentofu.org/bpg/proxmox\"]","instances":[{"schema_version":0,"attributes":{"checksum":"a58d86525d75fd8e139a2302531ce5d2ab75ef0273cfe78f9d53aada4b23efd45f8433b4806fa4570cfe981c8fae26f5e5e855cbd66ba2198862f28125fd2d45","checksum_algorithm":"sha512","content_type":"iso","datastore_id":"local","decompression_algorithm":null,"file_name":"debian-12-nocloud-amd64.img","id":"local:iso/debian-12-nocloud-amd64.img","node_name":"miniquarium","overwrite":true,"overwrite_unmanaged":false,"size":347799552,"upload_timeout":180,"url":"https://cdimage.debian.org/images/cloud/bookworm/latest/debian-12-genericcloud-amd64.qcow2","verify":true},"sensitive_attributes":[],"private":"eyJvcmlnaW5hbF9zdGF0ZV9zaXplIjoiTXpRM056azVOVFV5IiwidXJsX3NpemUiOiJNelEzTnprNU5UVXkifQ==","dependencies":["data.sops_file.pve_secrets"]}]},{"mode":"managed","type":"proxmox_virtual_environment_download_file","name":"debian12_iso","provider":"provider[\"registry.opentofu.org/bpg/proxmox\"]","instances":[{"schema_version":0,"attributes":{"checksum":"1257373c706d8c07e6917942736a865dfff557d21d76ea3040bb1039eb72a054","checksum_algorithm":"sha256","content_type":"iso","datastore_id":"local","decompression_algorithm":null,"file_name":"debian-12.9.0-amd64-netinst.iso","id":"local:iso/debian-12.9.0-amd64-netinst.iso","node_name":"miniquarium","overwrite":true,"overwrite_unmanaged":false,"size":662700032,"upload_timeout":600,"url":"https://gemmei.ftp.acc.umu.se/debian-cd/current/amd64/iso-cd/debian-12.9.0-amd64-netinst.iso","verify":true},"sensitive_attributes":[],"private":"eyJvcmlnaW5hbF9zdGF0ZV9zaXplIjoiTmpZeU56QXdNRE15IiwidXJsX3NpemUiOiJOall5TnpBd01ETXkifQ==","dependencies":["data.sops_file.pve_secrets"]}]},{"mode":"managed","type":"proxmox_virtual_environment_download_file","name":"endeavouros_iso","provider":"provider[\"registry.opentofu.org/bpg/proxmox\"]","instances":[{"schema_version":0,"attributes":{"checksum":"9295d2f1c375814eeff35c867b4715de34f2a2671b3b130163f2cfd9e550443114657c15a21f808a20bf3009c3fdd475f413d9df4a1b3fc573c4cd9456c9bd7f","checksum_algorithm":"sha512","content_type":"iso","datastore_id":"local","decompression_algorithm":null,"file_name":"EndeavourOS_Endeavour_neo-2024.09.22.iso","id":"local:iso/EndeavourOS_Endeavour_neo-2024.09.22.iso","node_name":"miniquarium","overwrite":true,"overwrite_unmanaged":false,"size":2968961024,"upload_timeout":600,"url":"https://mirror.rznet.fr/endeavouros/iso/EndeavourOS_Endeavour_neo-2024.09.22.iso","verify":true},"sensitive_attributes":[],"private":"eyJvcmlnaW5hbF9zdGF0ZV9zaXplIjoiTWprMk9EazJNVEF5TkE9PSIsInVybF9zaXplIjoiTWprMk9EazJNVEF5TkE9PSJ9","dependencies":["data.sops_file.pve_secrets"]}]},{"mode":"managed","type":"proxmox_virtual_environment_download_file","name":"fedora41_iso","provider":"provider[\"registry.opentofu.org/bpg/proxmox\"]","instances":[{"schema_version":0,"attributes":{"checksum":"a2dd3caf3224b8f3a640d9e31b1016d2a4e98a6d7cb435a1e2030235976d6da2","checksum_algorithm":"sha256","content_type":"iso","datastore_id":"local","decompression_algorithm":null,"file_name":"Fedora-Workstation-Live-x86_64-41-1.4.iso","id":"local:iso/Fedora-Workstation-Live-x86_64-41-1.4.iso","node_name":"miniquarium","overwrite":true,"overwrite_unmanaged":false,"size":2458187776,"upload_timeout":600,"url":"https://download.fedoraproject.org/pub/fedora/linux/releases/41/Workstation/x86_64/iso/Fedora-Workstation-Live-x86_64-41-1.4.iso","verify":true},"sensitive_attributes":[],"private":"eyJvcmlnaW5hbF9zdGF0ZV9zaXplIjoiTWpRMU9ERTROemMzTmc9PSIsInVybF9zaXplIjoiTWpRMU9ERTROemMzTmc9PSJ9","dependencies":["data.sops_file.pve_secrets"]}]},{"mode":"managed","type":"proxmox_virtual_environment_download_file","name":"gparted_live_iso","provider":"provider[\"registry.opentofu.org/bpg/proxmox\"]","instances":[{"schema_version":0,"attributes":{"checksum":"f03fa7a9652c84c6e0d762a323a3474ca5e1887296aeb49c609c8bc2979f0de3","checksum_algorithm":"sha256","content_type":"iso","datastore_id":"local","decompression_algorithm":null,"file_name":"gparted-live-1.7.0-1-amd64.iso","id":"local:iso/gparted-live-1.7.0-1-amd64.iso","node_name":"miniquarium","overwrite":true,"overwrite_unmanaged":false,"size":589299712,"upload_timeout":600,"url":"https://downloads.sourceforge.net/project/gparted/gparted-live-stable/1.7.0-1/gparted-live-1.7.0-1-amd64.iso?ts=gAAAAABnqQ83X_6l9iUuxFutCBNvZgg_5e__pi3o08suyTK8nYB7KBmkoum1wKStiHM4sysn5z0i-vdiPQrQSPeR3CtKl-WvJw%3D%3D\u0026r=https%3A%2F%2Fsourceforge.net%2Fprojects%2Fgparted%2Ffiles%2Fgparted-live-stable%2F1.7.0-1%2Fgparted-live-1.7.0-1-amd64.iso%2Fdownload","verify":true},"sensitive_attributes":[],"private":"eyJvcmlnaW5hbF9zdGF0ZV9zaXplIjoiTlRnNU1qazVOekV5IiwidXJsX3NpemUiOiJOVGc1TWprNU56RXkifQ==","dependencies":["data.sops_file.pve_secrets"]}]},{"mode":"managed","type":"proxmox_virtual_environment_download_file","name":"ipfire_iso","provider":"provider[\"registry.opentofu.org/bpg/proxmox\"]","instances":[{"schema_version":0,"attributes":{"checksum":"ca3d96168e7184835ad55c9a6cb9dcaa8794eb6934e58e8fb36614671b42ea74","checksum_algorithm":"sha256","content_type":"iso","datastore_id":"local","decompression_algorithm":null,"file_name":"ipfire-2.29-core191-x86_64.iso","id":"local:iso/ipfire-2.29-core191-x86_64.iso","node_name":"miniquarium","overwrite":true,"overwrite_unmanaged":false,"size":531628032,"upload_timeout":600,"url":"https://downloads.ipfire.org/releases/ipfire-2.x/2.29-core191/ipfire-2.29-core191-x86_64.iso","verify":true},"sensitive_attributes":[],"private":"eyJvcmlnaW5hbF9zdGF0ZV9zaXplIjoiTlRNeE5qSTRNRE15IiwidXJsX3NpemUiOiJOVE14TmpJNE1ETXkifQ==","dependencies":["data.sops_file.pve_secrets"]}]},{"mode":"managed","type":"proxmox_virtual_environment_download_file","name":"kali_iso","provider":"provider[\"registry.opentofu.org/bpg/proxmox\"]","instances":[{"schema_version":0,"attributes":{"checksum":"f07c14ff6f5a89024b2d0d0427c3bc94de86b493a0598a2377286b87478da706","checksum_algorithm":"sha256","content_type":"iso","datastore_id":"local","decompression_algorithm":null,"file_name":"kali-linux-2024.4-live-amd64.iso","id":"local:iso/kali-linux-2024.4-live-amd64.iso","node_name":"miniquarium","overwrite":true,"overwrite_unmanaged":false,"size":5041469440,"upload_timeout":600,"url":"https://cdimage.kali.org/kali-2024.4/kali-linux-2024.4-live-amd64.iso","verify":true},"sensitive_attributes":[],"private":"eyJvcmlnaW5hbF9zdGF0ZV9zaXplIjoiTlRBME1UUTJPVFEwTUE9PSIsInVybF9zaXplIjoiTlRBME1UUTJPVFEwTUE9PSJ9","dependencies":["data.sops_file.pve_secrets"]}]},{"mode":"managed","type":"proxmox_virtual_environment_download_file","name":"nixos_gnome_iso","provider":"provider[\"registry.opentofu.org/bpg/proxmox\"]","instances":[{"schema_version":0,"attributes":{"checksum":"14811b6e68b0580de01bdaf8f84baa24c710f31c3f6cca13a09b97b992646d0d","checksum_algorithm":"sha256","content_type":"iso","datastore_id":"local","decompression_algorithm":null,"file_name":"nixos-24.11-gnome-x86_64-linux.iso","id":"local:iso/nixos-24.11-gnome-x86_64-linux.iso","node_name":"miniquarium","overwrite":true,"overwrite_unmanaged":false,"size":2540175360,"upload_timeout":600,"url":"https://channels.nixos.org/nixos-24.11/latest-nixos-gnome-x86_64-linux.iso","verify":true},"sensitive_attributes":[],"private":"eyJvcmlnaW5hbF9zdGF0ZV9zaXplIjoiTWpVME1ERTNOVE0yTUE9PSIsInVybF9zaXplIjoiTWpVME1ERTNOVE0yTUE9PSJ9","dependencies":["data.sops_file.pve_secrets"]}]},{"mode":"managed","type":"proxmox_virtual_environment_download_file","name":"nixos_minimal_iso","provider":"provider[\"registry.opentofu.org/bpg/proxmox\"]","instances":[{"schema_version":0,"attributes":{"checksum":"05430318cf92a262ebba5902c9b488a22615758868018ec022873ab715b11b17","checksum_algorithm":"sha256","content_type":"iso","datastore_id":"local","decompression_algorithm":null,"file_name":"nixos-24.11-minimal-x86_64-linux.iso","id":"local:iso/nixos-24.11-minimal-x86_64-linux.iso","node_name":"miniquarium","overwrite":true,"overwrite_unmanaged":false,"size":1202061312,"upload_timeout":600,"url":"https://channels.nixos.org/nixos-24.11/latest-nixos-minimal-x86_64-linux.iso","verify":true},"sensitive_attributes":[],"private":"eyJvcmlnaW5hbF9zdGF0ZV9zaXplIjoiTVRJd01qQTJNVE14TWc9PSIsInVybF9zaXplIjoiTVRJd01qQTJNVE14TWc9PSJ9","dependencies":["data.sops_file.pve_secrets"]}]},{"mode":"managed","type":"proxmox_virtual_environment_download_file","name":"opnsense_img","provider":"provider[\"registry.opentofu.org/bpg/proxmox\"]","instances":[{"schema_version":0,"attributes":{"checksum":null,"checksum_algorithm":null,"content_type":"iso","datastore_id":"local","decompression_algorithm":"bz2","file_name":"OPNsense-25.1-vga-amd64.img","id":"local:iso/OPNsense-25.1-vga-amd64.img","node_name":"miniquarium","overwrite":true,"overwrite_unmanaged":false,"size":2659035648,"upload_timeout":600,"url":"https://pkg.opnsense.org/releases/25.1/OPNsense-25.1-vga-amd64.img.bz2","verify":true},"sensitive_attributes":[],"dependencies":["data.sops_file.pve_secrets"]}]},{"mode":"managed","type":"proxmox_virtual_environment_download_file","name":"pbs_122024","provider":"provider[\"registry.opentofu.org/bpg/proxmox\"]","instances":[{"schema_version":0,"attributes":{"checksum":"affc6479fdf2ecb92e164cdf5f827281edb30d7ba27558201fcff5d620adfc42","checksum_algorithm":"sha256","content_type":"iso","datastore_id":"local","decompression_algorithm":null,"file_name":"proxmox-backup-server_3.3-1.iso","id":"local:iso/proxmox-backup-server_3.3-1.iso","node_name":"miniquarium","overwrite":true,"overwrite_unmanaged":false,"size":1264087040,"upload_timeout":600,"url":"https://enterprise.proxmox.com/iso/proxmox-backup-server_3.3-1.iso","verify":true},"sensitive_attributes":[],"private":"eyJvcmlnaW5hbF9zdGF0ZV9zaXplIjoiTVRJMk5EQTROekEwTUE9PSIsInVybF9zaXplIjoiTVRJMk5EQTROekEwTUE9PSJ9","dependencies":["data.sops_file.pve_secrets"]}]},{"mode":"managed","type":"proxmox_virtual_environment_download_file","name":"qubes_iso","provider":"provider[\"registry.opentofu.org/bpg/proxmox\"]","instances":[{"schema_version":0,"attributes":{"checksum":"46a0dce03b72d8c222dc28c8bd164f4f37bc9c6ce2d66a266c9a064733ba2690","checksum_algorithm":"sha256","content_type":"iso","datastore_id":"local","decompression_algorithm":null,"file_name":"Qubes-R4.2.3-x86_64.iso","id":"local:iso/Qubes-R4.2.3-x86_64.iso","node_name":"miniquarium","overwrite":true,"overwrite_unmanaged":false,"size":6910355456,"upload_timeout":600,"url":"https://mirrors.edge.kernel.org/qubes/iso/Qubes-R4.2.3-x86_64.iso","verify":true},"sensitive_attributes":[],"private":"eyJvcmlnaW5hbF9zdGF0ZV9zaXplIjoiTmpreE1ETTFOVFExTmc9PSIsInVybF9zaXplIjoiTmpreE1ETTFOVFExTmc9PSJ9","dependencies":["data.sops_file.pve_secrets"]}]},{"mode":"managed","type":"proxmox_virtual_environment_download_file","name":"tails_iso","provider":"provider[\"registry.opentofu.org/bpg/proxmox\"]","instances":[{"schema_version":0,"attributes":{"checksum":null,"checksum_algorithm":null,"content_type":"iso","datastore_id":"local","decompression_algorithm":null,"file_name":"tails-amd64-6.12.iso","id":"local:iso/tails-amd64-6.12.iso","node_name":"miniquarium","overwrite":true,"overwrite_unmanaged":false,"size":1579253760,"upload_timeout":600,"url":"https://download.tails.net/tails/stable/tails-amd64-6.12/tails-amd64-6.12.iso","verify":true},"sensitive_attributes":[],"private":"eyJvcmlnaW5hbF9zdGF0ZV9zaXplIjoiTVRVM09USTFNemMyTUE9PSIsInVybF9zaXplIjoiTVRVM09USTFNemMyTUE9PSJ9","dependencies":["data.sops_file.pve_secrets"]}]},{"mode":"managed","type":"proxmox_virtual_environment_download_file","name":"truenas_scale_iso","provider":"provider[\"registry.opentofu.org/bpg/proxmox\"]","instances":[{"schema_version":0,"attributes":{"checksum":"33e29ed62517bc5d4aed6c80b9134369e201bb143e13fefdec5dbf3820f4b946","checksum_algorithm":"sha256","content_type":"iso","datastore_id":"local","decompression_algorithm":null,"file_name":"TrueNAS-SCALE-24.10.2.iso","id":"local:iso/TrueNAS-SCALE-24.10.2.iso","node_name":"miniquarium","overwrite":true,"overwrite_unmanaged":false,"size":1874262016,"upload_timeout":600,"url":"https://download.sys.truenas.net/TrueNAS-SCALE-ElectricEel/24.10.2/TrueNAS-SCALE-24.10.2.iso","verify":true},"sensitive_attributes":[],"private":"eyJvcmlnaW5hbF9zdGF0ZV9zaXplIjoiTVRnM05ESTJNakF4Tmc9PSIsInVybF9zaXplIjoiTVRnM05ESTJNakF4Tmc9PSJ9","dependencies":["data.sops_file.pve_secrets"]}]},{"mode":"managed","type":"proxmox_virtual_environment_download_file","name":"truenas_stable_iso","provider":"provider[\"registry.opentofu.org/bpg/proxmox\"]","instances":[{"schema_version":0,"attributes":{"checksum":"971a647ae112a898e33d0c77daf65ddb84c9154425428a1895c77e297b7fd6ae","checksum_algorithm":"sha256","content_type":"iso","datastore_id":"local","decompression_algorithm":null,"file_name":"TrueNAS-13.0-U6.7.iso","id":"local:iso/TrueNAS-13.0-U6.7.iso","node_name":"miniquarium","overwrite":true,"overwrite_unmanaged":false,"size":1049196544,"upload_timeout":600,"url":"https://download-core.sys.truenas.net/13.0/STABLE/U6.7/x64/TrueNAS-13.0-U6.7.iso","verify":true},"sensitive_attributes":[],"private":"eyJvcmlnaW5hbF9zdGF0ZV9zaXplIjoiTVRBME9URTVOalUwTkE9PSIsInVybF9zaXplIjoiTVRBME9URTVOalUwTkE9PSJ9","dependencies":["data.sops_file.pve_secrets"]}]},{"mode":"managed","type":"proxmox_virtual_environment_download_file","name":"ubuntu22_cloudimg","provider":"provider[\"registry.opentofu.org/bpg/proxmox\"]","instances":[{"schema_version":0,"attributes":{"checksum":"f5e78b40674136a57fc6e088c7f3f81d96ff2e6223039e4a15f5fec9c188e720","checksum_algorithm":"sha256","content_type":"iso","datastore_id":"local","decompression_algorithm":null,"file_name":"ubuntu-22-amd64.img","id":"local:iso/ubuntu-22-amd64.img","node_name":"miniquarium","overwrite":true,"overwrite_unmanaged":false,"size":666584576,"upload_timeout":180,"url":"https://cloud-images.ubuntu.com/jammy/20250207/jammy-server-cloudimg-amd64.img","verify":true},"sensitive_attributes":[],"dependencies":["data.sops_file.pve_secrets"]}]},{"mode":"managed","type":"proxmox_virtual_environment_download_file","name":"ubuntu22_iso","provider":"provider[\"registry.opentofu.org/bpg/proxmox\"]","instances":[{"schema_version":0,"attributes":{"checksum":"9bc6028870aef3f74f4e16b900008179e78b130e6b0b9a140635434a46aa98b0","checksum_algorithm":"sha256","content_type":"iso","datastore_id":"local","decompression_algorithm":null,"file_name":"ubuntu-22.04.5-live-server-amd64.iso","id":"local:iso/ubuntu-22.04.5-live-server-amd64.iso","node_name":"miniquarium","overwrite":true,"overwrite_unmanaged":false,"size":2136926208,"upload_timeout":600,"url":"https://releases.ubuntu.com/22.04/ubuntu-22.04.5-live-server-amd64.iso","verify":true},"sensitive_attributes":[],"private":"eyJvcmlnaW5hbF9zdGF0ZV9zaXplIjoiTWpFek5qa3lOakl3T0E9PSIsInVybF9zaXplIjoiTWpFek5qa3lOakl3T0E9PSJ9","dependencies":["data.sops_file.pve_secrets"]}]},{"mode":"managed","type":"proxmox_virtual_environment_download_file","name":"ubuntu24_cloudimg","provider":"provider[\"registry.opentofu.org/bpg/proxmox\"]","instances":[{"schema_version":0,"attributes":{"checksum":"482244b83f49a97ee61fb9b8520d6e8b9c2e3c28648de461ba7e17681ddbd1c9","checksum_algorithm":"sha256","content_type":"iso","datastore_id":"local","decompression_algorithm":null,"file_name":"ubuntu-24-amd64.img","id":"local:iso/ubuntu-24-amd64.img","node_name":"miniquarium","overwrite":true,"overwrite_unmanaged":false,"size":609969664,"upload_timeout":180,"url":"https://cloud-images.ubuntu.com/noble/20250122/noble-server-cloudimg-amd64.img","verify":true},"sensitive_attributes":[],"dependencies":["data.sops_file.pve_secrets"]}]},{"mode":"managed","type":"proxmox_virtual_environment_download_file","name":"ubuntu24_iso","provider":"provider[\"registry.opentofu.org/bpg/proxmox\"]","instances":[{"schema_version":0,"attributes":{"checksum":"e240e4b801f7bb68c20d1356b60968ad0c33a41d00d828e74ceb3364a0317be9","checksum_algorithm":"sha256","content_type":"iso","datastore_id":"local","decompression_algorithm":null,"file_name":"ubuntu-24.04.1-live-server-amd64.iso","id":"local:iso/ubuntu-24.04.1-live-server-amd64.iso","node_name":"miniquarium","overwrite":true,"overwrite_unmanaged":false,"size":2773874688,"upload_timeout":600,"url":"https://releases.ubuntu.com/24.04.1/ubuntu-24.04.1-live-server-amd64.iso","verify":true},"sensitive_attributes":[],"private":"eyJvcmlnaW5hbF9zdGF0ZV9zaXplIjoiTWpjM016ZzNORFk0T0E9PSIsInVybF9zaXplIjoiTWpjM016ZzNORFk0T0E9PSJ9","dependencies":["data.sops_file.pve_secrets"]}]}],"check_results":null}
