{"version":4,"terraform_version":"1.8.8","serial":1,"lineage":"31d24364-da52-dd5c-fc21-65af8ebf2c64","outputs":{},"resources":[{"mode":"data","type":"sops_file","name":"pve_secrets","provider":"provider[\"registry.opentofu.org/carlpett/sops\"]","instances":[{"schema_version":0,"attributes":{"data":{"proxmate_password":"Fanning7-Protract5-Fog4-Safari2-Gibberish8","pve_api_token":"opentofu@pve!provider=e5cc4e5f-6034-4e45-a63a-e3c5b9f6b1d1","pve_endpoint":"https://192.168.1.1:8006/api2/json"},"id":"-","input_type":null,"raw":"proxmate_password: Fanning7-Protract5-Fog4-Safari2-Gibberish8\npve_api_token: opentofu@pve!provider=e5cc4e5f-6034-4e45-a63a-e3c5b9f6b1d1\npve_endpoint: https://192.168.1.1:8006/api2/json\n","source_file":"pve_secrets.yaml"},"sensitive_attributes":[]}]},{"mode":"managed","type":"proxmox_virtual_environment_download_file","name":"archlinux_iso_122024","provider":"provider[\"registry.opentofu.org/bpg/proxmox\"]","instances":[{"schema_version":0,"attributes":{"checksum":"56b246d1a569f1670c0f98198f5c9a32558d54d010cd3434356cc1e20ad97945","checksum_algorithm":"sha256","content_type":"iso","datastore_id":"local-nvme","decompression_algorithm":null,"file_name":"archlinux-2024.12.01-x86_64.iso","id":"local-nvme:iso/archlinux-2024.12.01-x86_64.iso","node_name":"miniquarium","overwrite":true,"overwrite_unmanaged":false,"size":1217429504,"upload_timeout":600,"url":"https://archlinux.mirrors.ovh.net/archlinux/iso/2024.12.01/archlinux-2024.12.01-x86_64.iso","verify":true},"sensitive_attributes":[],"dependencies":["data.sops_file.pve_secrets"]}]},{"mode":"managed","type":"proxmox_virtual_environment_download_file","name":"debian12_iso_112024","provider":"provider[\"registry.opentofu.org/bpg/proxmox\"]","instances":[{"schema_version":0,"attributes":{"checksum":"04396d12b0f377958a070c38a923c227832fa3b3e18ddc013936ecf492e9fbb3","checksum_algorithm":"sha256","content_type":"iso","datastore_id":"local-nvme","decompression_algorithm":null,"file_name":"debian-12.8.0-amd64-netinst.iso","id":"local-nvme:iso/debian-12.8.0-amd64-netinst.iso","node_name":"miniquarium","overwrite":true,"overwrite_unmanaged":false,"size":661651456,"upload_timeout":600,"url":"https://cdimage.debian.org/debian-cd/current/amd64/iso-cd/debian-12.8.0-amd64-netinst.iso","verify":true},"sensitive_attributes":[],"dependencies":["data.sops_file.pve_secrets"]}]},{"mode":"managed","type":"proxmox_virtual_environment_download_file","name":"pbs_122024","provider":"provider[\"registry.opentofu.org/bpg/proxmox\"]","instances":[{"schema_version":0,"attributes":{"checksum":"affc6479fdf2ecb92e164cdf5f827281edb30d7ba27558201fcff5d620adfc42","checksum_algorithm":"sha256","content_type":"iso","datastore_id":"local-nvme","decompression_algorithm":null,"file_name":"proxmox-backup-server_3.3-1.iso","id":"local-nvme:iso/proxmox-backup-server_3.3-1.iso","node_name":"miniquarium","overwrite":true,"overwrite_unmanaged":false,"size":1264087040,"upload_timeout":600,"url":"https://enterprise.proxmox.com/iso/proxmox-backup-server_3.3-1.iso","verify":true},"sensitive_attributes":[],"dependencies":["data.sops_file.pve_secrets"]}]}],"check_results":null}
