{"version":4,"terraform_version":"1.9.0","serial":10,"lineage":"31d24364-da52-dd5c-fc21-65af8ebf2c64","outputs":{"archlinux_iso_file_id":{"value":"local:iso/archlinux-2025.02.01-x86_64.iso","type":"string"},"debian12_iso_file_id":{"value":"local:iso/debian-12.9.0-amd64-netinst.iso","type":"string"},"pbs_122024_file_id":{"value":"local:iso/proxmox-backup-server_3.3-1.iso","type":"string"},"ubuntu22_iso_file_id":{"value":"local:iso/ubuntu-22.04.5-live-server-amd64.iso","type":"string"},"ubuntu24_iso_file_id":{"value":"local:iso/ubuntu-24.04.1-live-server-amd64.iso","type":"string"}},"resources":[{"mode":"data","type":"sops_file","name":"pve_secrets","provider":"provider[\"registry.opentofu.org/carlpett/sops\"]","instances":[{"schema_version":0,"attributes":{"data":{"proxmate_password":"Fanning7-Protract5-Fog4-Safari2-Gibberish8","pve_api_token":"opentofu@pve!provider=e5cc4e5f-6034-4e45-a63a-e3c5b9f6b1d1","pve_endpoint":"https://192.168.1.1:8006/api2/json"},"id":"-","input_type":null,"raw":"proxmate_password: Fanning7-Protract5-Fog4-Safari2-Gibberish8\npve_api_token: opentofu@pve!provider=e5cc4e5f-6034-4e45-a63a-e3c5b9f6b1d1\npve_endpoint: https://192.168.1.1:8006/api2/json\n","source_file":"pve_secrets.yaml"},"sensitive_attributes":[]}]},{"mode":"managed","type":"proxmox_virtual_environment_download_file","name":"archlinux_iso","provider":"provider[\"registry.opentofu.org/bpg/proxmox\"]","instances":[{"schema_version":0,"attributes":{"checksum":"45f097416d604ac20e982d2137534ffbe00990ba36dcb9bd259c05a4515f20cd","checksum_algorithm":"sha256","content_type":"iso","datastore_id":"local","decompression_algorithm":null,"file_name":"archlinux-2025.02.01-x86_64.iso","id":"local:iso/archlinux-2025.02.01-x86_64.iso","node_name":"miniquarium","overwrite":true,"overwrite_unmanaged":false,"size":1236303872,"upload_timeout":600,"url":"https://archlinux.mirrors.ovh.net/archlinux/iso/2025.02.01/archlinux-2025.02.01-x86_64.iso","verify":true},"sensitive_attributes":[],"dependencies":["data.sops_file.pve_secrets"]}]},{"mode":"managed","type":"proxmox_virtual_environment_download_file","name":"debian12_iso","provider":"provider[\"registry.opentofu.org/bpg/proxmox\"]","instances":[{"schema_version":0,"attributes":{"checksum":"1257373c706d8c07e6917942736a865dfff557d21d76ea3040bb1039eb72a054","checksum_algorithm":"sha256","content_type":"iso","datastore_id":"local","decompression_algorithm":null,"file_name":"debian-12.9.0-amd64-netinst.iso","id":"local:iso/debian-12.9.0-amd64-netinst.iso","node_name":"miniquarium","overwrite":true,"overwrite_unmanaged":false,"size":662700032,"upload_timeout":600,"url":"https://gemmei.ftp.acc.umu.se/debian-cd/current/amd64/iso-cd/debian-12.9.0-amd64-netinst.iso","verify":true},"sensitive_attributes":[],"dependencies":["data.sops_file.pve_secrets"]}]},{"mode":"managed","type":"proxmox_virtual_environment_download_file","name":"pbs_122024","provider":"provider[\"registry.opentofu.org/bpg/proxmox\"]","instances":[{"schema_version":0,"attributes":{"checksum":"affc6479fdf2ecb92e164cdf5f827281edb30d7ba27558201fcff5d620adfc42","checksum_algorithm":"sha256","content_type":"iso","datastore_id":"local","decompression_algorithm":null,"file_name":"proxmox-backup-server_3.3-1.iso","id":"local:iso/proxmox-backup-server_3.3-1.iso","node_name":"miniquarium","overwrite":true,"overwrite_unmanaged":false,"size":1264087040,"upload_timeout":600,"url":"https://enterprise.proxmox.com/iso/proxmox-backup-server_3.3-1.iso","verify":true},"sensitive_attributes":[],"dependencies":["data.sops_file.pve_secrets"]}]},{"mode":"managed","type":"proxmox_virtual_environment_download_file","name":"ubuntu22_iso","provider":"provider[\"registry.opentofu.org/bpg/proxmox\"]","instances":[{"schema_version":0,"attributes":{"checksum":"9bc6028870aef3f74f4e16b900008179e78b130e6b0b9a140635434a46aa98b0","checksum_algorithm":"sha256","content_type":"iso","datastore_id":"local","decompression_algorithm":null,"file_name":"ubuntu-22.04.5-live-server-amd64.iso","id":"local:iso/ubuntu-22.04.5-live-server-amd64.iso","node_name":"miniquarium","overwrite":true,"overwrite_unmanaged":false,"size":2136926208,"upload_timeout":600,"url":"https://releases.ubuntu.com/22.04/ubuntu-22.04.5-live-server-amd64.iso","verify":true},"sensitive_attributes":[],"dependencies":["data.sops_file.pve_secrets"]}]},{"mode":"managed","type":"proxmox_virtual_environment_download_file","name":"ubuntu24_iso","provider":"provider[\"registry.opentofu.org/bpg/proxmox\"]","instances":[{"schema_version":0,"attributes":{"checksum":"e240e4b801f7bb68c20d1356b60968ad0c33a41d00d828e74ceb3364a0317be9","checksum_algorithm":"sha256","content_type":"iso","datastore_id":"local","decompression_algorithm":null,"file_name":"ubuntu-24.04.1-live-server-amd64.iso","id":"local:iso/ubuntu-24.04.1-live-server-amd64.iso","node_name":"miniquarium","overwrite":true,"overwrite_unmanaged":false,"size":2773874688,"upload_timeout":600,"url":"https://releases.ubuntu.com/24.04.1/ubuntu-24.04.1-live-server-amd64.iso","verify":true},"sensitive_attributes":[],"dependencies":["data.sops_file.pve_secrets"]}]}],"check_results":null}
