{"version":4,"terraform_version":"1.9.0","serial":13,"lineage":"31d24364-da52-dd5c-fc21-65af8ebf2c64","outputs":{"almalinux95_iso_file_id":{"value":"local:iso/AlmaLinux-9.5-x86_64-minimal.iso","type":"string"},"almalinux95_qcow2_file_id":{"value":"local:iso/AlmaLinux-9-GenericCloud-9.5-20241120.x86_64.img","type":"string"},"archlinux_iso_file_id":{"value":"local:iso/archlinux-2025.02.01-x86_64.iso","type":"string"},"debian12_iso_file_id":{"value":"local:iso/debian-12.9.0-amd64-netinst.iso","type":"string"},"fedora41_iso_file_id":{"value":"local:iso/Fedora-Workstation-Live-x86_64-41-1.4.iso","type":"string"},"nixos_gnome_iso_file_id":{"value":"local:iso/nixos-24.11-gnome-x86_64-linux.iso","type":"string"},"nixos_minimal_iso_file_id":{"value":"local:iso/nixos-24.11-minimal-x86_64-linux.iso","type":"string"},"pbs_122024_file_id":{"value":"local:iso/proxmox-backup-server_3.3-1.iso","type":"string"},"ubuntu22_iso_file_id":{"value":"local:iso/ubuntu-22.04.5-live-server-amd64.iso","type":"string"},"ubuntu24_iso_file_id":{"value":"local:iso/ubuntu-24.04.1-live-server-amd64.iso","type":"string"}},"resources":[{"mode":"data","type":"sops_file","name":"pve_secrets","provider":"provider[\"registry.opentofu.org/carlpett/sops\"]","instances":[{"schema_version":0,"attributes":{"data":{"proxmate_password":"Fanning7-Protract5-Fog4-Safari2-Gibberish8","pve_api_token":"opentofu@pve!provider=e5cc4e5f-6034-4e45-a63a-e3c5b9f6b1d1","pve_endpoint":"https://192.168.1.1:8006/api2/json"},"id":"-","input_type":null,"raw":"proxmate_password: Fanning7-Protract5-Fog4-Safari2-Gibberish8\npve_api_token: opentofu@pve!provider=e5cc4e5f-6034-4e45-a63a-e3c5b9f6b1d1\npve_endpoint: https://192.168.1.1:8006/api2/json\n","source_file":"pve_secrets.yaml"},"sensitive_attributes":[]}]},{"mode":"managed","type":"proxmox_virtual_environment_download_file","name":"almalinux95_iso","provider":"provider[\"registry.opentofu.org/bpg/proxmox\"]","instances":[{"schema_version":0,"attributes":{"checksum":"eef492206912252f2e24a74d3133b46cb4d240b54ffb3300a94000905b2590d3","checksum_algorithm":"sha256","content_type":"iso","datastore_id":"local","decompression_algorithm":null,"file_name":"AlmaLinux-9.5-x86_64-minimal.iso","id":"local:iso/AlmaLinux-9.5-x86_64-minimal.iso","node_name":"miniquarium","overwrite":true,"overwrite_unmanaged":false,"size":2124414976,"upload_timeout":600,"url":"https://repo.almalinux.org/almalinux/9.5/isos/x86_64/AlmaLinux-9.5-x86_64-minimal.iso","verify":true},"sensitive_attributes":[],"dependencies":["data.sops_file.pve_secrets"]}]},{"mode":"managed","type":"proxmox_virtual_environment_download_file","name":"almalinux95_qcow2","provider":"provider[\"registry.opentofu.org/bpg/proxmox\"]","instances":[{"schema_version":0,"attributes":{"checksum":"abddf01589d46c841f718cec239392924a03b34c4fe84929af5d543c50e37e37","checksum_algorithm":"sha256","content_type":"iso","datastore_id":"local","decompression_algorithm":null,"file_name":"AlmaLinux-9-GenericCloud-9.5-20241120.x86_64.img","id":"local:iso/AlmaLinux-9-GenericCloud-9.5-20241120.x86_64.img","node_name":"miniquarium","overwrite":true,"overwrite_unmanaged":false,"size":490995712,"upload_timeout":600,"url":"https://repo.almalinux.org/almalinux/9/cloud/x86_64/images/AlmaLinux-9-GenericCloud-9.5-20241120.x86_64.qcow2","verify":true},"sensitive_attributes":[],"dependencies":["data.sops_file.pve_secrets"]}]},{"mode":"managed","type":"proxmox_virtual_environment_download_file","name":"archlinux_iso","provider":"provider[\"registry.opentofu.org/bpg/proxmox\"]","instances":[{"schema_version":0,"attributes":{"checksum":"45f097416d604ac20e982d2137534ffbe00990ba36dcb9bd259c05a4515f20cd","checksum_algorithm":"sha256","content_type":"iso","datastore_id":"local","decompression_algorithm":null,"file_name":"archlinux-2025.02.01-x86_64.iso","id":"local:iso/archlinux-2025.02.01-x86_64.iso","node_name":"miniquarium","overwrite":true,"overwrite_unmanaged":false,"size":1236303872,"upload_timeout":600,"url":"https://archlinux.mirrors.ovh.net/archlinux/iso/2025.02.01/archlinux-2025.02.01-x86_64.iso","verify":true},"sensitive_attributes":[],"private":"eyJvcmlnaW5hbF9zdGF0ZV9zaXplIjoiTVRJek5qTXdNemczTWc9PSIsInVybF9zaXplIjoiTVRJek5qTXdNemczTWc9PSJ9","dependencies":["data.sops_file.pve_secrets"]}]},{"mode":"managed","type":"proxmox_virtual_environment_download_file","name":"debian12_iso","provider":"provider[\"registry.opentofu.org/bpg/proxmox\"]","instances":[{"schema_version":0,"attributes":{"checksum":"1257373c706d8c07e6917942736a865dfff557d21d76ea3040bb1039eb72a054","checksum_algorithm":"sha256","content_type":"iso","datastore_id":"local","decompression_algorithm":null,"file_name":"debian-12.9.0-amd64-netinst.iso","id":"local:iso/debian-12.9.0-amd64-netinst.iso","node_name":"miniquarium","overwrite":true,"overwrite_unmanaged":false,"size":662700032,"upload_timeout":600,"url":"https://gemmei.ftp.acc.umu.se/debian-cd/current/amd64/iso-cd/debian-12.9.0-amd64-netinst.iso","verify":true},"sensitive_attributes":[],"private":"eyJvcmlnaW5hbF9zdGF0ZV9zaXplIjoiTmpZeU56QXdNRE15IiwidXJsX3NpemUiOiJOall5TnpBd01ETXkifQ==","dependencies":["data.sops_file.pve_secrets"]}]},{"mode":"managed","type":"proxmox_virtual_environment_download_file","name":"fedora41_iso","provider":"provider[\"registry.opentofu.org/bpg/proxmox\"]","instances":[{"schema_version":0,"attributes":{"checksum":"a2dd3caf3224b8f3a640d9e31b1016d2a4e98a6d7cb435a1e2030235976d6da2","checksum_algorithm":"sha256","content_type":"iso","datastore_id":"local","decompression_algorithm":null,"file_name":"Fedora-Workstation-Live-x86_64-41-1.4.iso","id":"local:iso/Fedora-Workstation-Live-x86_64-41-1.4.iso","node_name":"miniquarium","overwrite":true,"overwrite_unmanaged":false,"size":2458187776,"upload_timeout":600,"url":"https://download.fedoraproject.org/pub/fedora/linux/releases/41/Workstation/x86_64/iso/Fedora-Workstation-Live-x86_64-41-1.4.iso","verify":true},"sensitive_attributes":[],"dependencies":["data.sops_file.pve_secrets"]}]},{"mode":"managed","type":"proxmox_virtual_environment_download_file","name":"nixos_gnome_iso","provider":"provider[\"registry.opentofu.org/bpg/proxmox\"]","instances":[{"schema_version":0,"attributes":{"checksum":"14811b6e68b0580de01bdaf8f84baa24c710f31c3f6cca13a09b97b992646d0d","checksum_algorithm":"sha256","content_type":"iso","datastore_id":"local","decompression_algorithm":null,"file_name":"nixos-24.11-gnome-x86_64-linux.iso","id":"local:iso/nixos-24.11-gnome-x86_64-linux.iso","node_name":"miniquarium","overwrite":true,"overwrite_unmanaged":false,"size":2540175360,"upload_timeout":600,"url":"https://channels.nixos.org/nixos-24.11/latest-nixos-gnome-x86_64-linux.iso","verify":true},"sensitive_attributes":[],"dependencies":["data.sops_file.pve_secrets"]}]},{"mode":"managed","type":"proxmox_virtual_environment_download_file","name":"nixos_minimal_iso","provider":"provider[\"registry.opentofu.org/bpg/proxmox\"]","instances":[{"schema_version":0,"attributes":{"checksum":"05430318cf92a262ebba5902c9b488a22615758868018ec022873ab715b11b17","checksum_algorithm":"sha256","content_type":"iso","datastore_id":"local","decompression_algorithm":null,"file_name":"nixos-24.11-minimal-x86_64-linux.iso","id":"local:iso/nixos-24.11-minimal-x86_64-linux.iso","node_name":"miniquarium","overwrite":true,"overwrite_unmanaged":false,"size":1202061312,"upload_timeout":600,"url":"https://channels.nixos.org/nixos-24.11/latest-nixos-minimal-x86_64-linux.iso","verify":true},"sensitive_attributes":[],"dependencies":["data.sops_file.pve_secrets"]}]},{"mode":"managed","type":"proxmox_virtual_environment_download_file","name":"pbs_122024","provider":"provider[\"registry.opentofu.org/bpg/proxmox\"]","instances":[{"schema_version":0,"attributes":{"checksum":"affc6479fdf2ecb92e164cdf5f827281edb30d7ba27558201fcff5d620adfc42","checksum_algorithm":"sha256","content_type":"iso","datastore_id":"local","decompression_algorithm":null,"file_name":"proxmox-backup-server_3.3-1.iso","id":"local:iso/proxmox-backup-server_3.3-1.iso","node_name":"miniquarium","overwrite":true,"overwrite_unmanaged":false,"size":1264087040,"upload_timeout":600,"url":"https://enterprise.proxmox.com/iso/proxmox-backup-server_3.3-1.iso","verify":true},"sensitive_attributes":[],"private":"eyJvcmlnaW5hbF9zdGF0ZV9zaXplIjoiTVRJMk5EQTROekEwTUE9PSIsInVybF9zaXplIjoiTVRJMk5EQTROekEwTUE9PSJ9","dependencies":["data.sops_file.pve_secrets"]}]},{"mode":"managed","type":"proxmox_virtual_environment_download_file","name":"ubuntu22_iso","provider":"provider[\"registry.opentofu.org/bpg/proxmox\"]","instances":[{"schema_version":0,"attributes":{"checksum":"9bc6028870aef3f74f4e16b900008179e78b130e6b0b9a140635434a46aa98b0","checksum_algorithm":"sha256","content_type":"iso","datastore_id":"local","decompression_algorithm":null,"file_name":"ubuntu-22.04.5-live-server-amd64.iso","id":"local:iso/ubuntu-22.04.5-live-server-amd64.iso","node_name":"miniquarium","overwrite":true,"overwrite_unmanaged":false,"size":2136926208,"upload_timeout":600,"url":"https://releases.ubuntu.com/22.04/ubuntu-22.04.5-live-server-amd64.iso","verify":true},"sensitive_attributes":[],"private":"eyJvcmlnaW5hbF9zdGF0ZV9zaXplIjoiTWpFek5qa3lOakl3T0E9PSIsInVybF9zaXplIjoiTWpFek5qa3lOakl3T0E9PSJ9","dependencies":["data.sops_file.pve_secrets"]}]},{"mode":"managed","type":"proxmox_virtual_environment_download_file","name":"ubuntu24_iso","provider":"provider[\"registry.opentofu.org/bpg/proxmox\"]","instances":[{"schema_version":0,"attributes":{"checksum":"e240e4b801f7bb68c20d1356b60968ad0c33a41d00d828e74ceb3364a0317be9","checksum_algorithm":"sha256","content_type":"iso","datastore_id":"local","decompression_algorithm":null,"file_name":"ubuntu-24.04.1-live-server-amd64.iso","id":"local:iso/ubuntu-24.04.1-live-server-amd64.iso","node_name":"miniquarium","overwrite":true,"overwrite_unmanaged":false,"size":2773874688,"upload_timeout":600,"url":"https://releases.ubuntu.com/24.04.1/ubuntu-24.04.1-live-server-amd64.iso","verify":true},"sensitive_attributes":[],"private":"eyJvcmlnaW5hbF9zdGF0ZV9zaXplIjoiTWpjM016ZzNORFk0T0E9PSIsInVybF9zaXplIjoiTWpjM016ZzNORFk0T0E9PSJ9","dependencies":["data.sops_file.pve_secrets"]}]}],"check_results":null}
