{"version":4,"terraform_version":"1.8.8","serial":23,"lineage":"590293f7-5c6d-068a-3830-4f311f98ada6","outputs":{"vm_root_password":{"value":{"challenger":"C7SYlGoS@0SH_Nj7PwN4Dx%C","tesla":"1x7_YSYgrxwS7e2_k46aRuht"},"type":["object",{"challenger":"string","tesla":"string"}],"sensitive":true}},"resources":[{"mode":"data","type":"sops_file","name":"pve_secrets","provider":"provider[\"registry.opentofu.org/carlpett/sops\"]","instances":[{"schema_version":0,"attributes":{"data":{"proxmate_password":"Fanning7-Protract5-Fog4-Safari2-Gibberish8","pve_api_token":"opentofu@pve!provider=e5cc4e5f-6034-4e45-a63a-e3c5b9f6b1d1","pve_endpoint":"https://192.168.1.1:8006/api2/json"},"id":"-","input_type":null,"raw":"proxmate_password: Fanning7-Protract5-Fog4-Safari2-Gibberish8\npve_api_token: opentofu@pve!provider=e5cc4e5f-6034-4e45-a63a-e3c5b9f6b1d1\npve_endpoint: https://192.168.1.1:8006/api2/json\n","source_file":"pve_secrets.yaml"},"sensitive_attributes":[]}]},{"mode":"managed","type":"proxmox_virtual_environment_download_file","name":"ubuntu24_cloudimg_latest","provider":"provider[\"registry.opentofu.org/bpg/proxmox\"]","instances":[{"schema_version":0,"attributes":{"checksum":"e61484705035cd64d8e79c35d6f674acccf03ef9c6939ca50dea8a4fdc7eabeb","checksum_algorithm":"sha256","content_type":"iso","datastore_id":"local-nvme-vm","decompression_algorithm":null,"file_name":"ubuntu-24.04-server-cloudimg-amd64.img","id":"local-nvme-vm:iso/ubuntu-24.04-server-cloudimg-amd64.img","node_name":"miniquarium","overwrite":true,"overwrite_unmanaged":false,"size":608755712,"upload_timeout":180,"url":"https://cloud-images.ubuntu.com/noble/current/noble-server-cloudimg-amd64.img","verify":true},"sensitive_attributes":[],"dependencies":["data.sops_file.pve_secrets"]}]},{"mode":"managed","type":"proxmox_virtual_environment_file","name":"meta_cloud_config","provider":"provider[\"registry.opentofu.org/bpg/proxmox\"]","instances":[{"index_key":"challenger","schema_version":0,"attributes":{"content_type":"snippets","datastore_id":"local","file_mode":null,"file_modification_date":null,"file_name":"challenger_ci_meta-data.yml","file_size":null,"file_tag":null,"id":"local:snippets/challenger_ci_meta-data.yml","node_name":"miniquarium","overwrite":true,"source_file":[],"source_raw":[{"data":"instance-id: challenger-instance\nlocal-hostname: challenger\n","file_name":"challenger_ci_meta-data.yml","resize":0}],"timeout_upload":1800},"sensitive_attributes":[],"private":"bnVsbA==","dependencies":["data.sops_file.pve_secrets"]},{"index_key":"tesla","schema_version":0,"attributes":{"content_type":"snippets","datastore_id":"local","file_mode":null,"file_modification_date":null,"file_name":"tesla_ci_meta-data.yml","file_size":null,"file_tag":null,"id":"local:snippets/tesla_ci_meta-data.yml","node_name":"miniquarium","overwrite":true,"source_file":[],"source_raw":[{"data":"instance-id: tesla-instance\nlocal-hostname: tesla\n","file_name":"tesla_ci_meta-data.yml","resize":0}],"timeout_upload":1800},"sensitive_attributes":[],"private":"bnVsbA==","dependencies":["data.sops_file.pve_secrets"]}]},{"mode":"managed","type":"proxmox_virtual_environment_file","name":"user_cloud_config","provider":"provider[\"registry.opentofu.org/bpg/proxmox\"]","instances":[{"index_key":"challenger","schema_version":0,"attributes":{"content_type":"snippets","datastore_id":"local","file_mode":null,"file_modification_date":"2025-01-04T21:33:56Z","file_name":"challenger_ci_user-data.yml","file_size":2922,"file_tag":"6779a944-b6a","id":"local:snippets/challenger_ci_user-data.yml","node_name":"miniquarium","overwrite":true,"source_file":[{"changed":false,"checksum":"","file_name":"challenger_ci_user-data.yml","insecure":false,"min_tls":"","path":"cloud-init/challenger.yaml"}],"source_raw":[],"timeout_upload":1800},"sensitive_attributes":[],"private":"bnVsbA==","dependencies":["data.sops_file.pve_secrets"]},{"index_key":"tesla","schema_version":0,"attributes":{"content_type":"snippets","datastore_id":"local","file_mode":null,"file_modification_date":"2025-01-04T11:20:09Z","file_name":"tesla_ci_user-data.yml","file_size":2031,"file_tag":"67791969-7ef","id":"local:snippets/tesla_ci_user-data.yml","node_name":"miniquarium","overwrite":true,"source_file":[{"changed":false,"checksum":"","file_name":"tesla_ci_user-data.yml","insecure":false,"min_tls":"","path":"cloud-init/tesla.yaml"}],"source_raw":[],"timeout_upload":1800},"sensitive_attributes":[],"private":"bnVsbA==","dependencies":["data.sops_file.pve_secrets"]}]},{"mode":"managed","type":"proxmox_virtual_environment_hardware_mapping_usb","name":"onduleur","provider":"provider[\"registry.opentofu.org/bpg/proxmox\"]","instances":[{"schema_version":0,"attributes":{"comment":"UPS Eaton 3S","id":"onduleur","map":[{"comment":"UPS Eaton USB","id":"0463:ffff","node":"miniquarium","path":null}],"name":"onduleur"},"sensitive_attributes":[],"dependencies":["data.sops_file.pve_secrets"]}]},{"mode":"managed","type":"proxmox_virtual_environment_vm","name":"vm","provider":"provider[\"registry.opentofu.org/bpg/proxmox\"]","instances":[{"index_key":"challenger","schema_version":0,"attributes":{"acpi":true,"agent":[{"enabled":true,"timeout":"5m","trim":true,"type":"virtio"}],"audio_device":[],"bios":"seabios","boot_order":null,"cdrom":[],"clone":[],"cpu":[{"affinity":"","architecture":"","cores":1,"flags":null,"hotplugged":0,"limit":0,"numa":true,"sockets":1,"type":"host","units":1024}],"description":"Managed by OpenTofu. Tools installed: `cockpit`, `docker`. MV utilisée pour `gitea` et `vault`.","disk":[{"aio":"native","backup":true,"cache":"none","datastore_id":"local-nvme-vm","discard":"on","file_format":"qcow2","file_id":"local-nvme-vm:iso/ubuntu-24.04-server-cloudimg-amd64.img","interface":"scsi0","iothread":true,"path_in_datastore":"991198/vm-991198-disk-2.qcow2","replicate":false,"serial":"","size":32,"speed":[],"ssd":false}],"efi_disk":[{"datastore_id":"local-nvme-vm","file_format":"raw","pre_enrolled_keys":false,"type":"4m"}],"hook_script_file_id":null,"hostpci":[],"id":"991198","initialization":[{"datastore_id":"local-nvme-vm","dns":[{"domain":"dc.prive.local.hommet.net","server":"","servers":["192.168.1.2"]}],"interface":"ide2","ip_config":[{"ipv4":[{"address":"192.168.1.198/24","gateway":"192.168.1.254"}],"ipv6":[]}],"meta_data_file_id":"local:snippets/challenger_ci_meta-data.yml","network_data_file_id":"","type":"","upgrade":false,"user_account":[],"user_data_file_id":"local:snippets/challenger_ci_user-data.yml","vendor_data_file_id":""}],"ipv4_addresses":[["127.0.0.1"],["192.168.1.198"]],"ipv6_addresses":[["::1"],["fd5e:9992:be14:c249:be24:11ff:feca:fe98","fd0f:ee:b0::474b:cfd6","fe80::be24:11ff:feca:fe98"]],"keyboard_layout":"fr","kvm_arguments":"","mac_addresses":["00:00:00:00:00:00","BC:24:11:CA:FE:98"],"machine":"pc-q35-9.0","memory":[{"dedicated":4096,"floating":0,"hugepages":"","keep_hugepages":false,"shared":0}],"migrate":true,"name":"challenger","network_device":[{"bridge":"vmbr0","disconnected":false,"enabled":true,"firewall":false,"mac_address":"BC:24:11:CA:FE:98","model":"virtio","mtu":0,"queues":0,"rate_limit":100,"trunks":"","vlan_id":0}],"network_interface_names":["lo","eth0"],"node_name":"miniquarium","numa":[],"on_boot":true,"operating_system":[{"type":"l26"}],"pool_id":"prod","protection":false,"reboot":false,"scsi_hardware":"virtio-scsi-single","serial_device":[{"device":"socket"}],"smbios":[{"family":"VM","manufacturer":"QEMU","product":"virtio","serial":"","sku":"","uuid":"35b52cfe-97ad-4bad-9329-fe3a7bb2b693","version":"1.0"}],"started":true,"startup":[{"down_delay":60,"order":1,"up_delay":15}],"stop_on_destroy":true,"tablet_device":false,"tags":["docker","infra","ubuntu24"],"template":false,"timeout_clone":1800,"timeout_create":180,"timeout_migrate":1800,"timeout_move_disk":1800,"timeout_reboot":1800,"timeout_shutdown_vm":30,"timeout_start_vm":1800,"timeout_stop_vm":30,"tpm_state":[{"datastore_id":"local-nvme-vm","version":"v2.0"}],"usb":[],"vga":[],"vm_id":991198,"watchdog":[]},"sensitive_attributes":[],"private":"bnVsbA==","dependencies":["data.sops_file.pve_secrets","proxmox_virtual_environment_download_file.ubuntu24_cloudimg_latest","proxmox_virtual_environment_file.meta_cloud_config","proxmox_virtual_environment_file.user_cloud_config"]},{"index_key":"tesla","schema_version":0,"attributes":{"acpi":true,"agent":[{"enabled":true,"timeout":"5m","trim":true,"type":"virtio"}],"audio_device":[],"bios":"seabios","boot_order":null,"cdrom":[],"clone":[],"cpu":[{"affinity":"","architecture":"","cores":1,"flags":null,"hotplugged":0,"limit":0,"numa":true,"sockets":1,"type":"host","units":1024}],"description":"Managed by OpenTofu. Tools installed: `cockpit`, `nut`. MV utilisée seulement pour exploiter l'onduleur en USB.","disk":[{"aio":"native","backup":true,"cache":"none","datastore_id":"local-nvme-vm","discard":"on","file_format":"qcow2","file_id":"local-nvme-vm:iso/ubuntu-24.04-server-cloudimg-amd64.img","interface":"scsi0","iothread":true,"path_in_datastore":"991199/vm-991199-disk-2.qcow2","replicate":false,"serial":"","size":16,"speed":[],"ssd":false}],"efi_disk":[{"datastore_id":"local-nvme-vm","file_format":"raw","pre_enrolled_keys":false,"type":"4m"}],"hook_script_file_id":null,"hostpci":[],"id":"991199","initialization":[{"datastore_id":"local-nvme-vm","dns":[{"domain":"dc.prive.local.hommet.net","server":"","servers":["192.168.1.2"]}],"interface":"ide2","ip_config":[{"ipv4":[{"address":"192.168.1.199/24","gateway":"192.168.1.254"}],"ipv6":[]}],"meta_data_file_id":"local:snippets/tesla_ci_meta-data.yml","network_data_file_id":"","type":"","upgrade":false,"user_account":[],"user_data_file_id":"local:snippets/tesla_ci_user-data.yml","vendor_data_file_id":""}],"ipv4_addresses":[["127.0.0.1"],["192.168.1.199"]],"ipv6_addresses":[["::1"],["fd5e:9992:be14:c249:be24:11ff:feca:fe99","fd0f:ee:b0::cab6:9b0f","fe80::be24:11ff:feca:fe99"]],"keyboard_layout":"fr","kvm_arguments":"","mac_addresses":["00:00:00:00:00:00","BC:24:11:CA:FE:99"],"machine":"pc-q35-9.0","memory":[{"dedicated":1024,"floating":0,"hugepages":"","keep_hugepages":false,"shared":0}],"migrate":true,"name":"tesla","network_device":[{"bridge":"vmbr0","disconnected":false,"enabled":true,"firewall":false,"mac_address":"BC:24:11:CA:FE:99","model":"virtio","mtu":0,"queues":0,"rate_limit":0,"trunks":"","vlan_id":0}],"network_interface_names":["lo","eth0"],"node_name":"miniquarium","numa":[],"on_boot":true,"operating_system":[{"type":"l26"}],"pool_id":"prod","protection":false,"reboot":false,"scsi_hardware":"virtio-scsi-single","serial_device":[{"device":"socket"}],"smbios":[{"family":"VM","manufacturer":"QEMU","product":"virtio","serial":"","sku":"","uuid":"8312ce84-992a-4025-9e3f-801ab81f7e63","version":"1.0"}],"started":true,"startup":[{"down_delay":60,"order":1,"up_delay":15}],"stop_on_destroy":true,"tablet_device":false,"tags":["infra","ubuntu24"],"template":false,"timeout_clone":1800,"timeout_create":180,"timeout_migrate":1800,"timeout_move_disk":1800,"timeout_reboot":1800,"timeout_shutdown_vm":30,"timeout_start_vm":1800,"timeout_stop_vm":30,"tpm_state":[{"datastore_id":"local-nvme-vm","version":"v2.0"}],"usb":[{"host":"","mapping":"onduleur","usb3":false}],"vga":[],"vm_id":991199,"watchdog":[]},"sensitive_attributes":[],"private":"bnVsbA==","dependencies":["data.sops_file.pve_secrets","proxmox_virtual_environment_download_file.ubuntu24_cloudimg_latest","proxmox_virtual_environment_file.meta_cloud_config","proxmox_virtual_environment_file.user_cloud_config"]}]},{"mode":"managed","type":"random_password","name":"vm_root_password","provider":"provider[\"registry.opentofu.org/hashicorp/random\"]","instances":[{"index_key":"challenger","schema_version":3,"attributes":{"bcrypt_hash":"$2a$10$Q0qYOp1tW08Mss0GE9ALKuQDblknkcum6Ct5HLkkKaM3l2X4YYTT.","id":"none","keepers":null,"length":24,"lower":true,"min_lower":0,"min_numeric":0,"min_special":0,"min_upper":0,"number":true,"numeric":true,"override_special":"_%@","result":"C7SYlGoS@0SH_Nj7PwN4Dx%C","special":true,"upper":true},"sensitive_attributes":[[{"type":"get_attr","value":"result"}],[{"type":"get_attr","value":"bcrypt_hash"}]]},{"index_key":"tesla","schema_version":3,"attributes":{"bcrypt_hash":"$2a$10$wZSK1cJvZuj5qdyk93Z4S.zMcvY1PXJrGOkTPsWkwF4sP0eHiDhP2","id":"none","keepers":null,"length":24,"lower":true,"min_lower":0,"min_numeric":0,"min_special":0,"min_upper":0,"number":true,"numeric":true,"override_special":"_%@","result":"1x7_YSYgrxwS7e2_k46aRuht","special":true,"upper":true},"sensitive_attributes":[[{"type":"get_attr","value":"result"}],[{"type":"get_attr","value":"bcrypt_hash"}]]}]}],"check_results":null}
