{"version":4,"terraform_version":"1.9.0","serial":44,"lineage":"590293f7-5c6d-068a-3830-4f311f98ada6","outputs":{"vm_root_password":{"value":{"challenger":"cuzL2sKIGEsCveq2tQ741CZJ","tesla":"kKUAvtg@wgZ6o6W%TLKoGuYb"},"type":["object",{"challenger":"string","tesla":"string"}],"sensitive":true}},"resources":[{"mode":"data","type":"sops_file","name":"pve_secrets","provider":"provider[\"registry.opentofu.org/carlpett/sops\"]","instances":[{"schema_version":0,"attributes":{"data":{"proxmate_password":"Fanning7-Protract5-Fog4-Safari2-Gibberish8","pve_api_token":"opentofu@pve!provider=e5cc4e5f-6034-4e45-a63a-e3c5b9f6b1d1","pve_endpoint":"https://192.168.1.1:8006/api2/json"},"id":"-","input_type":null,"raw":"proxmate_password: Fanning7-Protract5-Fog4-Safari2-Gibberish8\npve_api_token: opentofu@pve!provider=e5cc4e5f-6034-4e45-a63a-e3c5b9f6b1d1\npve_endpoint: https://192.168.1.1:8006/api2/json\n","source_file":"pve_secrets.yaml"},"sensitive_attributes":[]}]},{"mode":"managed","type":"proxmox_virtual_environment_download_file","name":"ubuntu24_cloudimg_20250117","provider":"provider[\"registry.opentofu.org/bpg/proxmox\"]","instances":[{"schema_version":0,"attributes":{"checksum":"63f5e103195545a429aec2bf38330e28ab9c6d487e66b7c4b0060aa327983628","checksum_algorithm":"sha256","content_type":"iso","datastore_id":"local-nvme-vm","decompression_algorithm":null,"file_name":"ubuntu-24.04-server-20250117-cloudimg-amd64.img","id":"local-nvme-vm:iso/ubuntu-24.04-server-20250117-cloudimg-amd64.img","node_name":"miniquarium","overwrite":true,"overwrite_unmanaged":false,"size":609790976,"upload_timeout":180,"url":"https://cloud-images.ubuntu.com/noble/20250117/noble-server-cloudimg-amd64.img","verify":true},"sensitive_attributes":[],"dependencies":["data.sops_file.pve_secrets"]}]},{"mode":"managed","type":"proxmox_virtual_environment_file","name":"meta_cloud_config","provider":"provider[\"registry.opentofu.org/bpg/proxmox\"]","instances":[{"index_key":"challenger","schema_version":0,"attributes":{"content_type":"snippets","datastore_id":"local-nvme-vm","file_mode":null,"file_modification_date":null,"file_name":"challenger_ci_meta-data.yml","file_size":null,"file_tag":null,"id":"local-nvme-vm:snippets/challenger_ci_meta-data.yml","node_name":"miniquarium","overwrite":true,"source_file":[],"source_raw":[{"data":"instance-id: challenger-instance\nlocal-hostname: challenger\n","file_name":"challenger_ci_meta-data.yml","resize":0}],"timeout_upload":1800},"sensitive_attributes":[],"private":"bnVsbA==","dependencies":["data.sops_file.pve_secrets"]},{"index_key":"tesla","schema_version":0,"attributes":{"content_type":"snippets","datastore_id":"local-nvme-vm","file_mode":null,"file_modification_date":null,"file_name":"tesla_ci_meta-data.yml","file_size":null,"file_tag":null,"id":"local-nvme-vm:snippets/tesla_ci_meta-data.yml","node_name":"miniquarium","overwrite":true,"source_file":[],"source_raw":[{"data":"instance-id: tesla-instance\nlocal-hostname: tesla\n","file_name":"tesla_ci_meta-data.yml","resize":0}],"timeout_upload":1800},"sensitive_attributes":[],"private":"bnVsbA==","dependencies":["data.sops_file.pve_secrets"]}]},{"mode":"managed","type":"proxmox_virtual_environment_hardware_mapping_usb","name":"onduleur","provider":"provider[\"registry.opentofu.org/bpg/proxmox\"]","instances":[{"schema_version":0,"attributes":{"comment":"UPS Eaton 3S","id":"onduleur","map":[{"comment":"UPS Eaton USB","id":"0463:ffff","node":"miniquarium","path":null}],"name":"onduleur"},"sensitive_attributes":[],"dependencies":["data.sops_file.pve_secrets"]}]},{"mode":"managed","type":"random_password","name":"vm_root_password","provider":"provider[\"registry.opentofu.org/hashicorp/random\"]","instances":[{"index_key":"challenger","schema_version":3,"attributes":{"bcrypt_hash":"$2a$10$JzLmyDdUciqjMvalAuwQfuB1sTkMUSxgHL8rp2FyvZV.GAXzD582q","id":"none","keepers":null,"length":24,"lower":true,"min_lower":0,"min_numeric":0,"min_special":0,"min_upper":0,"number":true,"numeric":true,"override_special":"_%@","result":"cuzL2sKIGEsCveq2tQ741CZJ","special":true,"upper":true},"sensitive_attributes":[[{"type":"get_attr","value":"bcrypt_hash"}],[{"type":"get_attr","value":"result"}]]},{"index_key":"tesla","schema_version":3,"attributes":{"bcrypt_hash":"$2a$10$uSsW7FsAqTDpd9I6b1unPuWFvLee4hmC/E854.eOk7sPTjg/yLmgS","id":"none","keepers":null,"length":24,"lower":true,"min_lower":0,"min_numeric":0,"min_special":0,"min_upper":0,"number":true,"numeric":true,"override_special":"_%@","result":"kKUAvtg@wgZ6o6W%TLKoGuYb","special":true,"upper":true},"sensitive_attributes":[[{"type":"get_attr","value":"bcrypt_hash"}],[{"type":"get_attr","value":"result"}]]}]}],"check_results":null}
