{"version":4,"terraform_version":"1.8.4","serial":6,"lineage":"4574491a-d94c-c4aa-8daf-b8a51c6df9d9","outputs":{},"resources":[{"mode":"data","type":"sops_file","name":"pve_secrets","provider":"provider[\"registry.opentofu.org/carlpett/sops\"]","instances":[{"schema_version":0,"attributes":{"data":{"proxmate_password":"Fanning7-Protract5-Fog4-Safari2-Gibberish8","pve_api_token":"builder@pve!opentofu=d916d4b9-a236-47b4-8297-0b8f897d1a8d","pve_endpoint":"https://192.168.1.1:8006/api2/json"},"id":"-","input_type":null,"raw":"pve_api_token: builder@pve!opentofu=d916d4b9-a236-47b4-8297-0b8f897d1a8d\npve_endpoint: https://192.168.1.1:8006/api2/json\nproxmate_password: Fanning7-Protract5-Fog4-Safari2-Gibberish8\n","source_file":"pve_secrets.yaml"},"sensitive_attributes":[]}]},{"mode":"managed","type":"proxmox_virtual_environment_download_file","name":"archlinux_cloudimg_latest","provider":"provider[\"registry.opentofu.org/bpg/proxmox\"]","instances":[{"schema_version":0,"attributes":{"checksum":"7751dda44d5e5daa2d6b6a73957b0b9a4e41cbde6d6cb29fcff672b5d54133e2","checksum_algorithm":"sha256","content_type":"iso","datastore_id":"local","decompression_algorithm":null,"file_name":"arch-linux-cloudimg-amd64-20241115.qcow2.img","id":"local:iso/arch-linux-cloudimg-amd64-20241115.qcow2.img","node_name":"proxmox","overwrite":true,"overwrite_unmanaged":false,"size":524385280,"upload_timeout":180,"url":"https://geo.mirror.pkgbuild.com/images/v20241115.279641/Arch-Linux-x86_64-cloudimg-20241115.279641.qcow2","verify":true},"sensitive_attributes":[],"private":"eyJvcmlnaW5hbF9zdGF0ZV9zaXplIjoiTlRJME16ZzFNamd3IiwidXJsX3NpemUiOiJOVEkwTXpnMU1qZ3cifQ==","dependencies":["data.sops_file.pve_secrets"]}]},{"mode":"managed","type":"proxmox_virtual_environment_download_file","name":"archlinux_iso_112024","provider":"provider[\"registry.opentofu.org/bpg/proxmox\"]","instances":[{"schema_version":0,"attributes":{"checksum":"bceb3dded8935c1d3521c475a69ae557e082839b46d921c8b400524470b5c965","checksum_algorithm":"sha256","content_type":"iso","datastore_id":"local","decompression_algorithm":null,"file_name":"archlinux-2024.11.01-x86_64.iso","id":"local:iso/archlinux-2024.11.01-x86_64.iso","node_name":"proxmox","overwrite":true,"overwrite_unmanaged":false,"size":1210089472,"upload_timeout":600,"url":"https://geo.mirror.pkgbuild.com/iso/2024.11.01/archlinux-2024.11.01-x86_64.iso","verify":true},"sensitive_attributes":[],"private":"eyJvcmlnaW5hbF9zdGF0ZV9zaXplIjoiTVRJeE1EQTRPVFEzTWc9PSIsInVybF9zaXplIjoiTVRJeE1EQTRPVFEzTWc9PSJ9","dependencies":["data.sops_file.pve_secrets"]}]},{"mode":"managed","type":"proxmox_virtual_environment_download_file","name":"debian12_iso_112024","provider":"provider[\"registry.opentofu.org/bpg/proxmox\"]","instances":[{"schema_version":0,"attributes":{"checksum":"04396d12b0f377958a070c38a923c227832fa3b3e18ddc013936ecf492e9fbb3","checksum_algorithm":"sha256","content_type":"iso","datastore_id":"local","decompression_algorithm":null,"file_name":"debian-12.8.0-amd64-netinst.iso","id":"local:iso/debian-12.8.0-amd64-netinst.iso","node_name":"proxmox","overwrite":true,"overwrite_unmanaged":false,"size":661651456,"upload_timeout":600,"url":"https://cdimage.debian.org/debian-cd/current/amd64/iso-cd/debian-12.8.0-amd64-netinst.iso","verify":true},"sensitive_attributes":[],"private":"eyJvcmlnaW5hbF9zdGF0ZV9zaXplIjoiTmpZeE5qVXhORFUyIiwidXJsX3NpemUiOiJOall4TmpVeE5EVTIifQ==","dependencies":["data.sops_file.pve_secrets"]}]},{"mode":"managed","type":"proxmox_virtual_environment_download_file","name":"pbs_042024","provider":"provider[\"registry.opentofu.org/bpg/proxmox\"]","instances":[{"schema_version":0,"attributes":{"checksum":"1d19698e8f7e769cf0a0dcc7ba0018ef5416c5ec495d5e61313f9c84a4237607","checksum_algorithm":"sha256","content_type":"iso","datastore_id":"local","decompression_algorithm":null,"file_name":"proxmox-backup-server_3.2-1.iso","id":"local:iso/proxmox-backup-server_3.2-1.iso","node_name":"proxmox","overwrite":true,"overwrite_unmanaged":false,"size":1146126336,"upload_timeout":600,"url":"https://enterprise.proxmox.com/iso/proxmox-backup-server_3.2-1.iso","verify":true},"sensitive_attributes":[],"private":"eyJvcmlnaW5hbF9zdGF0ZV9zaXplIjoiTVRFME5qRXlOak16Tmc9PSIsInVybF9zaXplIjoiTVRFME5qRXlOak16Tmc9PSJ9","dependencies":["data.sops_file.pve_secrets"]}]},{"mode":"managed","type":"proxmox_virtual_environment_download_file","name":"ubuntu22_cloudimg_latest","provider":"provider[\"registry.opentofu.org/bpg/proxmox\"]","instances":[{"schema_version":0,"attributes":{"checksum":"0ba0fd632a90d981625d842abf18453d5bf3fd7bb64e6dd61809794c6749e18b","checksum_algorithm":"sha256","content_type":"iso","datastore_id":"local","decompression_algorithm":null,"file_name":"ubuntu-22.04-server-cloudimg-amd64.img","id":"local:iso/ubuntu-22.04-server-cloudimg-amd64.img","node_name":"proxmox","overwrite":true,"overwrite_unmanaged":false,"size":653467136,"upload_timeout":180,"url":"https://cloud-images.ubuntu.com/jammy/20241004/jammy-server-cloudimg-amd64.img","verify":true},"sensitive_attributes":[],"private":"eyJvcmlnaW5hbF9zdGF0ZV9zaXplIjoiTmpVek5EWTNNVE0yIiwidXJsX3NpemUiOiJOalV6TkRZM01UTTIifQ==","dependencies":["data.sops_file.pve_secrets"]}]},{"mode":"managed","type":"proxmox_virtual_environment_download_file","name":"ubuntu22_cloudimg_minimal_latest","provider":"provider[\"registry.opentofu.org/bpg/proxmox\"]","instances":[{"schema_version":0,"attributes":{"checksum":"a426bbf3c64132d022792cafbf50d965b0fd8d68dd33b45eb96e327e8abb857c","checksum_algorithm":"sha256","content_type":"iso","datastore_id":"local","decompression_algorithm":null,"file_name":"ubuntu-22.04-server-cloudimg-minimal-amd64.img","id":"local:iso/ubuntu-22.04-server-cloudimg-minimal-amd64.img","node_name":"proxmox","overwrite":true,"overwrite_unmanaged":false,"size":299451392,"upload_timeout":180,"url":"https://cloud-images.ubuntu.com/minimal/releases/jammy/release-20241111/ubuntu-22.04-minimal-cloudimg-amd64.img","verify":true},"sensitive_attributes":[],"private":"eyJvcmlnaW5hbF9zdGF0ZV9zaXplIjoiTWprNU5EVXhNemt5IiwidXJsX3NpemUiOiJNams1TkRVeE16a3kifQ==","dependencies":["data.sops_file.pve_secrets"]}]},{"mode":"managed","type":"proxmox_virtual_environment_download_file","name":"ubuntu22_iso_112024","provider":"provider[\"registry.opentofu.org/bpg/proxmox\"]","instances":[{"schema_version":0,"attributes":{"checksum":"9bc6028870aef3f74f4e16b900008179e78b130e6b0b9a140635434a46aa98b0","checksum_algorithm":"sha256","content_type":"iso","datastore_id":"local","decompression_algorithm":null,"file_name":"ubuntu-22.04.5-live-server-amd64.iso","id":"local:iso/ubuntu-22.04.5-live-server-amd64.iso","node_name":"proxmox","overwrite":true,"overwrite_unmanaged":false,"size":2136926208,"upload_timeout":600,"url":"https://releases.ubuntu.com/22.04/ubuntu-22.04.5-live-server-amd64.iso","verify":true},"sensitive_attributes":[],"private":"eyJvcmlnaW5hbF9zdGF0ZV9zaXplIjoiTWpFek5qa3lOakl3T0E9PSIsInVybF9zaXplIjoiTWpFek5qa3lOakl3T0E9PSJ9","dependencies":["data.sops_file.pve_secrets"]}]},{"mode":"managed","type":"proxmox_virtual_environment_download_file","name":"ubuntu24_cloudimg_latest","provider":"provider[\"registry.opentofu.org/bpg/proxmox\"]","instances":[{"schema_version":0,"attributes":{"checksum":"5dc7f9c796442a51316d8431480fbe3f62cadbfde4d58a14d34dd987c01fd655","checksum_algorithm":"sha256","content_type":"iso","datastore_id":"local","decompression_algorithm":null,"file_name":"ubuntu-24.04-server-cloudimg-amd64.img","id":"local:iso/ubuntu-24.04-server-cloudimg-amd64.img","node_name":"proxmox","overwrite":true,"overwrite_unmanaged":false,"size":606874624,"upload_timeout":180,"url":"https://cloud-images.ubuntu.com/noble/20241106/noble-server-cloudimg-amd64.img","verify":true},"sensitive_attributes":[],"private":"eyJvcmlnaW5hbF9zdGF0ZV9zaXplIjoiTmpBMk9EYzBOakkwIiwidXJsX3NpemUiOiJOakEyT0RjME5qSTAifQ==","dependencies":["data.sops_file.pve_secrets"]}]},{"mode":"managed","type":"proxmox_virtual_environment_download_file","name":"ubuntu24_cloudimg_minimal_latest","provider":"provider[\"registry.opentofu.org/bpg/proxmox\"]","instances":[{"schema_version":0,"attributes":{"checksum":"d4ff5b1a8ab829a5ffc8580e16a047d7a7fc73455d528d7e76f20ffcfb51f7d3","checksum_algorithm":"sha256","content_type":"iso","datastore_id":"local","decompression_algorithm":null,"file_name":"ubuntu-24.04-server-cloudimg-minimal-amd64.img","id":"local:iso/ubuntu-24.04-server-cloudimg-minimal-amd64.img","node_name":"proxmox","overwrite":true,"overwrite_unmanaged":false,"size":241238016,"upload_timeout":180,"url":"https://cloud-images.ubuntu.com/minimal/releases/noble/release-20241021/ubuntu-24.04-minimal-cloudimg-amd64.img","verify":true},"sensitive_attributes":[],"private":"eyJvcmlnaW5hbF9zdGF0ZV9zaXplIjoiTWpReE1qTTRNREUyIiwidXJsX3NpemUiOiJNalF4TWpNNE1ERTIifQ==","dependencies":["data.sops_file.pve_secrets"]}]},{"mode":"managed","type":"proxmox_virtual_environment_download_file","name":"ubuntu24_iso_112024","provider":"provider[\"registry.opentofu.org/bpg/proxmox\"]","instances":[{"schema_version":0,"attributes":{"checksum":"e240e4b801f7bb68c20d1356b60968ad0c33a41d00d828e74ceb3364a0317be9","checksum_algorithm":"sha256","content_type":"iso","datastore_id":"local","decompression_algorithm":null,"file_name":"ubuntu-24.04.1-live-server-amd64.iso","id":"local:iso/ubuntu-24.04.1-live-server-amd64.iso","node_name":"proxmox","overwrite":true,"overwrite_unmanaged":false,"size":2773874688,"upload_timeout":600,"url":"https://releases.ubuntu.com/24.04/ubuntu-24.04.1-live-server-amd64.iso","verify":true},"sensitive_attributes":[],"private":"eyJvcmlnaW5hbF9zdGF0ZV9zaXplIjoiTWpjM016ZzNORFk0T0E9PSIsInVybF9zaXplIjoiTWpjM016ZzNORFk0T0E9PSJ9","dependencies":["data.sops_file.pve_secrets"]}]},{"mode":"managed","type":"proxmox_virtual_environment_role","name":"proxmate_role","provider":"provider[\"registry.opentofu.org/bpg/proxmox\"]","instances":[{"schema_version":0,"attributes":{"id":"ProxmateUser","privileges":["Datastore.Allocate","Datastore.AllocateSpace","Datastore.AllocateTemplate","Datastore.Audit","Group.Allocate","Permissions.Modify","Pool.Audit","SDN.Allocate","SDN.Audit","Sys.Audit","Sys.Console","User.Modify","VM.Audit","VM.PowerMgmt"],"role_id":"ProxmateUser"},"sensitive_attributes":[],"private":"bnVsbA==","dependencies":["data.sops_file.pve_secrets"]}]},{"mode":"managed","type":"proxmox_virtual_environment_user","name":"proxmate_user","provider":"provider[\"registry.opentofu.org/bpg/proxmox\"]","instances":[{"schema_version":0,"attributes":{"acl":[{"path":"/","propagate":true,"role_id":"ProxmateUser"}],"comment":"Managed by OpenTofu. Used only by the application Proxmate for iOS.","email":"","enabled":true,"expiration_date":"1970-01-01T00:00:00Z","first_name":"","groups":[],"id":"proxmate@pve","keys":"","last_name":"","password":"Fanning7-Protract5-Fog4-Safari2-Gibberish8","user_id":"proxmate@pve"},"sensitive_attributes":[[{"type":"get_attr","value":"password"}]],"private":"bnVsbA==","dependencies":["data.sops_file.pve_secrets","proxmox_virtual_environment_role.proxmate_role"]}]}],"check_results":null}
