{"version":4,"terraform_version":"1.8.4","serial":12,"lineage":"4574491a-d94c-c4aa-8daf-b8a51c6df9d9","outputs":{},"resources":[{"mode":"data","type":"sops_file","name":"pve_secrets","provider":"provider[\"registry.opentofu.org/carlpett/sops\"]","instances":[{"schema_version":0,"attributes":{"data":{"proxmate_password":"Fanning7-Protract5-Fog4-Safari2-Gibberish8","pve_api_token":"builder@pve!opentofu=d916d4b9-a236-47b4-8297-0b8f897d1a8d","pve_endpoint":"https://192.168.1.1:8006/api2/json"},"id":"-","input_type":null,"raw":"pve_api_token: builder@pve!opentofu=d916d4b9-a236-47b4-8297-0b8f897d1a8d\npve_endpoint: https://192.168.1.1:8006/api2/json\nproxmate_password: Fanning7-Protract5-Fog4-Safari2-Gibberish8\n","source_file":"pve_secrets.yaml"},"sensitive_attributes":[]}]},{"mode":"managed","type":"proxmox_virtual_environment_download_file","name":"archlinux_iso_112024","provider":"provider[\"registry.opentofu.org/bpg/proxmox\"]","instances":[{"schema_version":0,"attributes":{"checksum":"bceb3dded8935c1d3521c475a69ae557e082839b46d921c8b400524470b5c965","checksum_algorithm":"sha256","content_type":"iso","datastore_id":"local","decompression_algorithm":null,"file_name":"archlinux-2024.11.01-x86_64.iso","id":"local:iso/archlinux-2024.11.01-x86_64.iso","node_name":"proxmox","overwrite":true,"overwrite_unmanaged":false,"size":1210089472,"upload_timeout":600,"url":"https://geo.mirror.pkgbuild.com/iso/2024.11.01/archlinux-2024.11.01-x86_64.iso","verify":true},"sensitive_attributes":[],"dependencies":["data.sops_file.pve_secrets"]}]},{"mode":"managed","type":"proxmox_virtual_environment_download_file","name":"debian12_iso_112024","provider":"provider[\"registry.opentofu.org/bpg/proxmox\"]","instances":[{"schema_version":0,"attributes":{"checksum":"04396d12b0f377958a070c38a923c227832fa3b3e18ddc013936ecf492e9fbb3","checksum_algorithm":"sha256","content_type":"iso","datastore_id":"local","decompression_algorithm":null,"file_name":"debian-12.8.0-amd64-netinst.iso","id":"local:iso/debian-12.8.0-amd64-netinst.iso","node_name":"proxmox","overwrite":true,"overwrite_unmanaged":false,"size":661651456,"upload_timeout":600,"url":"https://cdimage.debian.org/debian-cd/current/amd64/iso-cd/debian-12.8.0-amd64-netinst.iso","verify":true},"sensitive_attributes":[],"dependencies":["data.sops_file.pve_secrets"]}]},{"mode":"managed","type":"proxmox_virtual_environment_download_file","name":"pbs_042024","provider":"provider[\"registry.opentofu.org/bpg/proxmox\"]","instances":[{"schema_version":0,"attributes":{"checksum":"1d19698e8f7e769cf0a0dcc7ba0018ef5416c5ec495d5e61313f9c84a4237607","checksum_algorithm":"sha256","content_type":"iso","datastore_id":"local","decompression_algorithm":null,"file_name":"proxmox-backup-server_3.2-1.iso","id":"local:iso/proxmox-backup-server_3.2-1.iso","node_name":"proxmox","overwrite":true,"overwrite_unmanaged":false,"size":1146126336,"upload_timeout":600,"url":"https://enterprise.proxmox.com/iso/proxmox-backup-server_3.2-1.iso","verify":true},"sensitive_attributes":[],"dependencies":["data.sops_file.pve_secrets"]}]},{"mode":"managed","type":"proxmox_virtual_environment_download_file","name":"ubuntu22_iso_112024","provider":"provider[\"registry.opentofu.org/bpg/proxmox\"]","instances":[{"schema_version":0,"attributes":{"checksum":"9bc6028870aef3f74f4e16b900008179e78b130e6b0b9a140635434a46aa98b0","checksum_algorithm":"sha256","content_type":"iso","datastore_id":"local","decompression_algorithm":null,"file_name":"ubuntu-22.04.5-live-server-amd64.iso","id":"local:iso/ubuntu-22.04.5-live-server-amd64.iso","node_name":"proxmox","overwrite":true,"overwrite_unmanaged":false,"size":2136926208,"upload_timeout":600,"url":"https://releases.ubuntu.com/22.04/ubuntu-22.04.5-live-server-amd64.iso","verify":true},"sensitive_attributes":[],"dependencies":["data.sops_file.pve_secrets"]}]},{"mode":"managed","type":"proxmox_virtual_environment_download_file","name":"ubuntu24_iso_112024","provider":"provider[\"registry.opentofu.org/bpg/proxmox\"]","instances":[{"schema_version":0,"attributes":{"checksum":"e240e4b801f7bb68c20d1356b60968ad0c33a41d00d828e74ceb3364a0317be9","checksum_algorithm":"sha256","content_type":"iso","datastore_id":"local","decompression_algorithm":null,"file_name":"ubuntu-24.04.1-live-server-amd64.iso","id":"local:iso/ubuntu-24.04.1-live-server-amd64.iso","node_name":"proxmox","overwrite":true,"overwrite_unmanaged":false,"size":2773874688,"upload_timeout":600,"url":"https://releases.ubuntu.com/24.04/ubuntu-24.04.1-live-server-amd64.iso","verify":true},"sensitive_attributes":[],"dependencies":["data.sops_file.pve_secrets"]}]},{"mode":"managed","type":"proxmox_virtual_environment_role","name":"proxmate_role","provider":"provider[\"registry.opentofu.org/bpg/proxmox\"]","instances":[{"schema_version":0,"attributes":{"id":"ProxmateUser","privileges":["Datastore.Allocate","Datastore.AllocateSpace","Datastore.AllocateTemplate","Datastore.Audit","Group.Allocate","Permissions.Modify","Pool.Audit","SDN.Allocate","SDN.Audit","Sys.Audit","Sys.Console","User.Modify","VM.Audit","VM.PowerMgmt"],"role_id":"ProxmateUser"},"sensitive_attributes":[],"private":"bnVsbA==","dependencies":["data.sops_file.pve_secrets"]}]},{"mode":"managed","type":"proxmox_virtual_environment_user","name":"proxmate_user","provider":"provider[\"registry.opentofu.org/bpg/proxmox\"]","instances":[{"schema_version":0,"attributes":{"acl":[{"path":"/","propagate":true,"role_id":"ProxmateUser"}],"comment":"Managed by OpenTofu. Used only by the application Proxmate for iOS.","email":"","enabled":true,"expiration_date":"1970-01-01T00:00:00Z","first_name":"","groups":null,"id":"proxmate@pve","keys":"","last_name":"","password":"Fanning7-Protract5-Fog4-Safari2-Gibberish8","user_id":"proxmate@pve"},"sensitive_attributes":[[{"type":"get_attr","value":"password"}]],"private":"bnVsbA==","dependencies":["data.sops_file.pve_secrets","proxmox_virtual_environment_role.proxmate_role"]}]}],"check_results":null}
