{"version":4,"terraform_version":"1.8.8","serial":9,"lineage":"89373df5-dacb-7a73-9375-2e9762f63740","outputs":{"archlinux_cloudimg_latest_file_id":{"value":"local-nvme-vm:iso/arch-linux-cloudimg-amd64-latest.qcow2.img","type":"string"},"debian12_cloudimg_latest_file_id":{"value":"local-nvme-vm:iso/debian-12-genericcloud-amd64-latest.qcow2.img","type":"string"},"ubuntu22_cloudimg_latest_file_id":{"value":"local-nvme-vm:iso/ubuntu-22.04-server-cloudimg-latest-amd64.img","type":"string"},"ubuntu22_cloudimg_minimal_latest_file_id":{"value":"local-nvme-vm:iso/ubuntu-22.04-server-cloudimg-minimal-latest-amd64.img","type":"string"},"ubuntu24_cloudimg_latest_file_id":{"value":"local-nvme-vm:iso/ubuntu-24.04-server-cloudimg-latest-amd64.img","type":"string"},"ubuntu24_cloudimg_minimal_latest_file_id":{"value":"local-nvme-vm:iso/ubuntu-24.04-server-cloudimg-minimal-latest-amd64.img","type":"string"}},"resources":[{"mode":"data","type":"sops_file","name":"pve_secrets","provider":"provider[\"registry.opentofu.org/carlpett/sops\"]","instances":[{"schema_version":0,"attributes":{"data":{"proxmate_password":"Fanning7-Protract5-Fog4-Safari2-Gibberish8","pve_api_token":"opentofu@pve!provider=e5cc4e5f-6034-4e45-a63a-e3c5b9f6b1d1","pve_endpoint":"https://192.168.1.1:8006/api2/json"},"id":"-","input_type":null,"raw":"proxmate_password: Fanning7-Protract5-Fog4-Safari2-Gibberish8\npve_api_token: opentofu@pve!provider=e5cc4e5f-6034-4e45-a63a-e3c5b9f6b1d1\npve_endpoint: https://192.168.1.1:8006/api2/json\n","source_file":"pve_secrets.yaml"},"sensitive_attributes":[]}]},{"mode":"managed","type":"proxmox_virtual_environment_download_file","name":"archlinux_cloudimg_latest","provider":"provider[\"registry.opentofu.org/bpg/proxmox\"]","instances":[{"schema_version":0,"attributes":{"checksum":"98611f5466eee88d43322110da791f94f957ee4c42866e994f55dd5c220d4c7e","checksum_algorithm":"sha256","content_type":"iso","datastore_id":"local-nvme-vm","decompression_algorithm":null,"file_name":"arch-linux-cloudimg-amd64-latest.qcow2.img","id":"local-nvme-vm:iso/arch-linux-cloudimg-amd64-latest.qcow2.img","node_name":"miniquarium","overwrite":true,"overwrite_unmanaged":false,"size":527003136,"upload_timeout":180,"url":"https://geo.mirror.pkgbuild.com/images/latest/Arch-Linux-x86_64-cloudimg.qcow2","verify":true},"sensitive_attributes":[],"private":"eyJvcmlnaW5hbF9zdGF0ZV9zaXplIjoiTlRJM01EQXpNVE0yIiwidXJsX3NpemUiOiJOVEkzTURBek1UTTIifQ==","dependencies":["data.sops_file.pve_secrets"]}]},{"mode":"managed","type":"proxmox_virtual_environment_download_file","name":"debian12_cloudimg_latest","provider":"provider[\"registry.opentofu.org/bpg/proxmox\"]","instances":[{"schema_version":0,"attributes":{"checksum":"340cdafca262582e2ec013f2118a7daa9003436559a3e1cff637af0fc05d4c3755d43e15470bb40d7dd4430d355b44d098283fc4c7c6f640167667479eeeb0e0","checksum_algorithm":"sha512","content_type":"iso","datastore_id":"local-nvme-vm","decompression_algorithm":null,"file_name":"debian-12-genericcloud-amd64-latest.qcow2.img","id":"local-nvme-vm:iso/debian-12-genericcloud-amd64-latest.qcow2.img","node_name":"miniquarium","overwrite":true,"overwrite_unmanaged":false,"size":345241600,"upload_timeout":180,"url":"https://cdimage.debian.org/images/cloud/bookworm/latest/debian-12-genericcloud-amd64.qcow2","verify":true},"sensitive_attributes":[],"private":"eyJvcmlnaW5hbF9zdGF0ZV9zaXplIjoiTXpRMU1qUXhOakF3IiwidXJsX3NpemUiOiJNelExTWpReE5qQXcifQ==","dependencies":["data.sops_file.pve_secrets"]}]},{"mode":"managed","type":"proxmox_virtual_environment_download_file","name":"ubuntu22_cloudimg_latest","provider":"provider[\"registry.opentofu.org/bpg/proxmox\"]","instances":[{"schema_version":0,"attributes":{"checksum":"0d8345a343c2547e55ac815342e6cb4a593aa5556872651eb47e6856a2bb0cdd","checksum_algorithm":"sha256","content_type":"iso","datastore_id":"local-nvme-vm","decompression_algorithm":null,"file_name":"ubuntu-22.04-server-cloudimg-latest-amd64.img","id":"local-nvme-vm:iso/ubuntu-22.04-server-cloudimg-latest-amd64.img","node_name":"miniquarium","overwrite":true,"overwrite_unmanaged":false,"size":665835520,"upload_timeout":180,"url":"https://cloud-images.ubuntu.com/jammy/current/jammy-server-cloudimg-amd64.img","verify":true},"sensitive_attributes":[],"private":"eyJvcmlnaW5hbF9zdGF0ZV9zaXplIjoiTmpZMU9ETTFOVEl3IiwidXJsX3NpemUiOiJOalkxT0RNMU5USXcifQ==","dependencies":["data.sops_file.pve_secrets"]}]},{"mode":"managed","type":"proxmox_virtual_environment_download_file","name":"ubuntu22_cloudimg_minimal_latest","provider":"provider[\"registry.opentofu.org/bpg/proxmox\"]","instances":[{"schema_version":0,"attributes":{"checksum":"4b0020732971ecc1b0b4409285a11d3f992537dd14e8a677e06d3420d881eacd","checksum_algorithm":"sha256","content_type":"iso","datastore_id":"local-nvme-vm","decompression_algorithm":null,"file_name":"ubuntu-22.04-server-cloudimg-minimal-latest-amd64.img","id":"local-nvme-vm:iso/ubuntu-22.04-server-cloudimg-minimal-latest-amd64.img","node_name":"miniquarium","overwrite":true,"overwrite_unmanaged":false,"size":300573696,"upload_timeout":180,"url":"https://cloud-images.ubuntu.com/minimal/releases/jammy/release/ubuntu-22.04-minimal-cloudimg-amd64.img","verify":true},"sensitive_attributes":[],"private":"eyJvcmlnaW5hbF9zdGF0ZV9zaXplIjoiTXpBd05UY3pOamsyIiwidXJsX3NpemUiOiJNekF3TlRjek5qazIifQ==","dependencies":["data.sops_file.pve_secrets"]}]},{"mode":"managed","type":"proxmox_virtual_environment_download_file","name":"ubuntu24_cloudimg_latest","provider":"provider[\"registry.opentofu.org/bpg/proxmox\"]","instances":[{"schema_version":0,"attributes":{"checksum":"e61484705035cd64d8e79c35d6f674acccf03ef9c6939ca50dea8a4fdc7eabeb","checksum_algorithm":"sha256","content_type":"iso","datastore_id":"local-nvme-vm","decompression_algorithm":null,"file_name":"ubuntu-24.04-server-cloudimg-latest-amd64.img","id":"local-nvme-vm:iso/ubuntu-24.04-server-cloudimg-latest-amd64.img","node_name":"miniquarium","overwrite":true,"overwrite_unmanaged":false,"size":608755712,"upload_timeout":180,"url":"https://cloud-images.ubuntu.com/noble/current/noble-server-cloudimg-amd64.img","verify":true},"sensitive_attributes":[],"private":"eyJvcmlnaW5hbF9zdGF0ZV9zaXplIjoiTmpBNE56VTFOekV5IiwidXJsX3NpemUiOiJOakE0TnpVMU56RXkifQ==","dependencies":["data.sops_file.pve_secrets"]}]},{"mode":"managed","type":"proxmox_virtual_environment_download_file","name":"ubuntu24_cloudimg_minimal_latest","provider":"provider[\"registry.opentofu.org/bpg/proxmox\"]","instances":[{"schema_version":0,"attributes":{"checksum":"c4f9e677e3ff2f09c7f3bf17fef0ae76a9a6b3249b91d89e2b32c6f9ee1c97ed","checksum_algorithm":"sha256","content_type":"iso","datastore_id":"local-nvme-vm","decompression_algorithm":null,"file_name":"ubuntu-24.04-server-cloudimg-minimal-latest-amd64.img","id":"local-nvme-vm:iso/ubuntu-24.04-server-cloudimg-minimal-latest-amd64.img","node_name":"miniquarium","overwrite":true,"overwrite_unmanaged":false,"size":243269632,"upload_timeout":180,"url":"https://cloud-images.ubuntu.com/minimal/releases/noble/release/ubuntu-24.04-minimal-cloudimg-amd64.img","verify":true},"sensitive_attributes":[],"private":"eyJvcmlnaW5hbF9zdGF0ZV9zaXplIjoiTWpRek1qWTVOak15IiwidXJsX3NpemUiOiJNalF6TWpZNU5qTXkifQ==","dependencies":["data.sops_file.pve_secrets"]}]}],"check_results":null}
