{"version":4,"terraform_version":"1.8.8","serial":8,"lineage":"82ccca86-a37f-c421-363e-826814952413","outputs":{},"resources":[{"mode":"data","type":"sops_file","name":"pve_secrets","provider":"provider[\"registry.opentofu.org/carlpett/sops\"]","instances":[{"schema_version":0,"attributes":{"data":{"proxmate_password":"Fanning7-Protract5-Fog4-Safari2-Gibberish8","pve_api_token":"opentofu@pve!provider=e5cc4e5f-6034-4e45-a63a-e3c5b9f6b1d1","pve_endpoint":"https://192.168.1.1:8006/api2/json"},"id":"-","input_type":null,"raw":"proxmate_password: Fanning7-Protract5-Fog4-Safari2-Gibberish8\npve_api_token: opentofu@pve!provider=e5cc4e5f-6034-4e45-a63a-e3c5b9f6b1d1\npve_endpoint: https://192.168.1.1:8006/api2/json\n","source_file":"pve_secrets.yaml"},"sensitive_attributes":[]}]},{"mode":"managed","type":"proxmox_virtual_environment_dns","name":"dns_configuration","provider":"provider[\"registry.opentofu.org/bpg/proxmox\"]","instances":[{"schema_version":0,"attributes":{"domain":"prive.dc.local.hommet.net","id":"miniquarium_dns","node_name":"miniquarium","servers":["192.168.1.2","1.1.1.1"]},"sensitive_attributes":[],"private":"bnVsbA==","dependencies":["data.sops_file.pve_secrets"]}]},{"mode":"managed","type":"proxmox_virtual_environment_hardware_mapping_usb","name":"ups","provider":"provider[\"registry.opentofu.org/bpg/proxmox\"]","instances":[{"schema_version":0,"attributes":{"comment":"UPS Eaton 3S","id":"ups","map":[{"comment":"UPS Eaton USB","id":"0463:ffff","node":"miniquarium","path":null}],"name":"ups"},"sensitive_attributes":[],"dependencies":["data.sops_file.pve_secrets"]}]},{"mode":"managed","type":"proxmox_virtual_environment_hosts","name":"host_entries","provider":"provider[\"registry.opentofu.org/bpg/proxmox\"]","instances":[{"schema_version":0,"attributes":{"addresses":["127.0.0.1","192.168.1.1","192.168.1.2","192.168.1.254"],"digest":"350a6e2c9c9ce8dfe5112678e1bbbc9157ab8a55","entries":[{"address":"127.0.0.1","hostnames":["localhost","localhost.localdomain","miniquarium","miniquarium.prive.dc.local.hommet.net"]},{"address":"192.168.1.1","hostnames":["miniquarium","miniquarium.prive.dc.local.hommet.net"]},{"address":"192.168.1.2","hostnames":["dns","dns.prive.dc.local.hommet.net","adguard","adguard.prive.dc.local.hommet.net"]},{"address":"192.168.1.254","hostnames":["gw","gw.prive.dc.local.hommet.net","freebox","freebox.prive.dc.local.hommet.net"]}],"entry":[{"address":"127.0.0.1","hostnames":["localhost","localhost.localdomain","miniquarium","miniquarium.prive.dc.local.hommet.net"]},{"address":"192.168.1.1","hostnames":["miniquarium","miniquarium.prive.dc.local.hommet.net"]},{"address":"192.168.1.2","hostnames":["dns","dns.prive.dc.local.hommet.net","adguard","adguard.prive.dc.local.hommet.net"]},{"address":"192.168.1.254","hostnames":["gw","gw.prive.dc.local.hommet.net","freebox","freebox.prive.dc.local.hommet.net"]}],"hostnames":[["localhost","localhost.localdomain","miniquarium","miniquarium.prive.dc.local.hommet.net"],["miniquarium","miniquarium.prive.dc.local.hommet.net"],["dns","dns.prive.dc.local.hommet.net","adguard","adguard.prive.dc.local.hommet.net"],["gw","gw.prive.dc.local.hommet.net","freebox","freebox.prive.dc.local.hommet.net"]],"id":"miniquarium_hosts","node_name":"miniquarium"},"sensitive_attributes":[],"private":"bnVsbA==","dependencies":["data.sops_file.pve_secrets"]}]},{"mode":"managed","type":"proxmox_virtual_environment_role","name":"proxmate_role","provider":"provider[\"registry.opentofu.org/bpg/proxmox\"]","instances":[{"schema_version":0,"attributes":{"id":"ProxmateUser","privileges":["Datastore.Allocate","Datastore.AllocateSpace","Datastore.AllocateTemplate","Datastore.Audit","Group.Allocate","Permissions.Modify","Pool.Audit","SDN.Allocate","SDN.Audit","Sys.Audit","Sys.Console","User.Modify","VM.Audit","VM.PowerMgmt"],"role_id":"ProxmateUser"},"sensitive_attributes":[],"private":"bnVsbA==","dependencies":["data.sops_file.pve_secrets"]}]},{"mode":"managed","type":"proxmox_virtual_environment_user","name":"proxmate_user","provider":"provider[\"registry.opentofu.org/bpg/proxmox\"]","instances":[{"status":"tainted","schema_version":0,"attributes":{"acl":[{"path":"/","propagate":true,"role_id":"ProxmateUser"}],"comment":"Managed by OpenTofu. Used only by the application Proxmate for iOS.","email":null,"enabled":true,"expiration_date":"1970-01-01T00:00:00Z","first_name":null,"groups":null,"id":"proxmate@pve","keys":null,"last_name":null,"password":"Fanning7-Protract5-Fog4-Safari2-Gibberish8","user_id":"proxmate@pve"},"sensitive_attributes":[[{"type":"get_attr","value":"password"}]],"private":"bnVsbA==","dependencies":["data.sops_file.pve_secrets","proxmox_virtual_environment_role.proxmate_role"]}]}],"check_results":null}
