{"version":4,"terraform_version":"1.8.8","serial":29,"lineage":"06934ca8-f92c-8639-e751-106d620dd808","outputs":{},"resources":[{"mode":"data","type":"sops_file","name":"pve_secrets","provider":"provider[\"registry.opentofu.org/carlpett/sops\"]","instances":[{"schema_version":0,"attributes":{"data":{"proxmate_password":"Fanning7-Protract5-Fog4-Safari2-Gibberish8","pve_api_token":"opentofu@pve!provider=e5cc4e5f-6034-4e45-a63a-e3c5b9f6b1d1","pve_endpoint":"https://192.168.1.1:8006/api2/json"},"id":"-","input_type":null,"raw":"proxmate_password: Fanning7-Protract5-Fog4-Safari2-Gibberish8\npve_api_token: opentofu@pve!provider=e5cc4e5f-6034-4e45-a63a-e3c5b9f6b1d1\npve_endpoint: https://192.168.1.1:8006/api2/json\n","source_file":"pve_secrets.yaml"},"sensitive_attributes":[]}]},{"mode":"managed","type":"proxmox_virtual_environment_download_file","name":"talos_img","provider":"provider[\"registry.opentofu.org/bpg/proxmox\"]","instances":[{"schema_version":0,"attributes":{"checksum":null,"checksum_algorithm":null,"content_type":"iso","datastore_id":"local-nvme-vm","decompression_algorithm":null,"file_name":"talos-v1.9.1.qcow2.img","id":"local-nvme-vm:iso/talos-v1.9.1.qcow2.img","node_name":"miniquarium","overwrite":false,"overwrite_unmanaged":false,"size":138330112,"upload_timeout":600,"url":"https://factory.talos.dev/image/698322b7ce860b1f034de6bc66315576c3b957ceff0934c8120891753f68de82/v1.9.1/metal-amd64.qcow2","verify":true},"sensitive_attributes":[],"dependencies":["data.sops_file.pve_secrets"]}]},{"mode":"managed","type":"proxmox_virtual_environment_vm","name":"talos_cp_dodge","provider":"provider[\"registry.opentofu.org/bpg/proxmox\"]","instances":[{"schema_version":0,"attributes":{"acpi":true,"agent":[{"enabled":true,"timeout":"5m","trim":true,"type":"virtio"}],"audio_device":[],"bios":"seabios","boot_order":null,"cdrom":[],"clone":[],"cpu":[{"affinity":"","architecture":"","cores":2,"flags":null,"hotplugged":0,"limit":0,"numa":true,"sockets":1,"type":"host","units":1024}],"description":"Managed by OpenTofu. Talos control plane.","disk":[{"aio":"native","backup":true,"cache":"none","datastore_id":"local-nvme-vm","discard":"on","file_format":"qcow2","file_id":"local-nvme-vm:iso/talos-v1.9.1.qcow2.img","interface":"scsi0","iothread":true,"path_in_datastore":"991200/vm-991200-disk-1.qcow2","replicate":false,"serial":"","size":64,"speed":[],"ssd":false}],"efi_disk":[],"hook_script_file_id":null,"hostpci":[],"id":"991200","initialization":[],"ipv4_addresses":[["127.0.0.1"],[],[],[],[],[],[],["192.168.1.200"]],"ipv6_addresses":[["::1"],[],[],[],[],[],[],["fe80::be24:11ff:feca:fe00"]],"keyboard_layout":"fr","kvm_arguments":"","mac_addresses":["00:00:00:00:00:00","EE:A5:EF:15:79:28","E2:15:9C:B2:DB:EF","00:00:00:00:00:00","00:00:00:00:00:00","00:00:00:00:00:00","00:00:00:00:00:00","BC:24:11:CA:FE:00"],"machine":"pc-q35-9.0","memory":[{"dedicated":4096,"floating":4096,"hugepages":"","keep_hugepages":false,"shared":0}],"migrate":true,"name":"dodge","network_device":[{"bridge":"vmbr0","disconnected":false,"enabled":true,"firewall":false,"mac_address":"BC:24:11:CA:FE:00","model":"virtio","mtu":0,"queues":0,"rate_limit":0,"trunks":"","vlan_id":0}],"network_interface_names":["lo","bond0","dummy0","teql0","tunl0","sit0","ip6tnl0","eth0"],"node_name":"miniquarium","numa":[],"on_boot":true,"operating_system":[{"type":"l26"}],"pool_id":null,"protection":false,"reboot":false,"scsi_hardware":"virtio-scsi-single","serial_device":[{"device":"socket"}],"smbios":[],"started":true,"startup":[{"down_delay":60,"order":1,"up_delay":15}],"stop_on_destroy":true,"tablet_device":false,"tags":["control-plane","infra","kubernetes","talos"],"template":false,"timeout_clone":1800,"timeout_create":180,"timeout_migrate":1800,"timeout_move_disk":1800,"timeout_reboot":1800,"timeout_shutdown_vm":30,"timeout_start_vm":1800,"timeout_stop_vm":30,"tpm_state":[{"datastore_id":"local-nvme-vm","version":"v2.0"}],"usb":[],"vga":[],"vm_id":991200,"watchdog":[]},"sensitive_attributes":[],"private":"bnVsbA==","dependencies":["data.sops_file.pve_secrets","proxmox_virtual_environment_download_file.talos_img"]}]},{"mode":"managed","type":"proxmox_virtual_environment_vm","name":"talos_wkr_ram","provider":"provider[\"registry.opentofu.org/bpg/proxmox\"]","instances":[{"schema_version":0,"attributes":{"acpi":true,"agent":[{"enabled":true,"timeout":"5m","trim":true,"type":"virtio"}],"audio_device":[],"bios":"seabios","boot_order":null,"cdrom":[],"clone":[],"cpu":[{"affinity":"","architecture":"","cores":4,"flags":null,"hotplugged":0,"limit":0,"numa":true,"sockets":1,"type":"host","units":1024}],"description":"Managed by OpenTofu. Talos worker pour les services d'infra.","disk":[{"aio":"native","backup":true,"cache":"none","datastore_id":"local-nvme-vm","discard":"on","file_format":"qcow2","file_id":"local-nvme-vm:iso/talos-v1.9.1.qcow2.img","interface":"scsi0","iothread":true,"path_in_datastore":"9991201/vm-9991201-disk-1.qcow2","replicate":false,"serial":"","size":128,"speed":[],"ssd":false}],"efi_disk":[],"hook_script_file_id":null,"hostpci":[],"id":"9991201","initialization":[],"ipv4_addresses":[["127.0.0.1"],[],[],[],[],[],[],["192.168.1.201"]],"ipv6_addresses":[["::1"],[],[],[],[],[],[],["fe80::be24:11ff:feca:fe01"]],"keyboard_layout":"fr","kvm_arguments":"","mac_addresses":["00:00:00:00:00:00","1A:77:28:B2:42:54","BA:5C:E6:AA:1B:33","00:00:00:00:00:00","00:00:00:00:00:00","00:00:00:00:00:00","00:00:00:00:00:00","BC:24:11:CA:FE:01"],"machine":"pc-q35-9.0","memory":[{"dedicated":8192,"floating":8192,"hugepages":"","keep_hugepages":false,"shared":0}],"migrate":true,"name":"ram","network_device":[{"bridge":"vmbr0","disconnected":false,"enabled":true,"firewall":false,"mac_address":"BC:24:11:CA:FE:01","model":"virtio","mtu":0,"queues":0,"rate_limit":0,"trunks":"","vlan_id":0}],"network_interface_names":["lo","bond0","dummy0","teql0","tunl0","sit0","ip6tnl0","eth0"],"node_name":"miniquarium","numa":[],"on_boot":true,"operating_system":[{"type":"l26"}],"pool_id":null,"protection":false,"reboot":false,"scsi_hardware":"virtio-scsi-single","serial_device":[{"device":"socket"}],"smbios":[],"started":true,"startup":[{"down_delay":60,"order":2,"up_delay":15}],"stop_on_destroy":true,"tablet_device":false,"tags":["infra","kubernetes","talos","worker"],"template":false,"timeout_clone":1800,"timeout_create":180,"timeout_migrate":1800,"timeout_move_disk":1800,"timeout_reboot":1800,"timeout_shutdown_vm":30,"timeout_start_vm":1800,"timeout_stop_vm":30,"tpm_state":[{"datastore_id":"local-nvme-vm","version":"v2.0"}],"usb":[],"vga":[],"vm_id":9991201,"watchdog":[]},"sensitive_attributes":[],"private":"bnVsbA==","dependencies":["data.sops_file.pve_secrets","proxmox_virtual_environment_download_file.talos_img"]}]},{"mode":"managed","type":"proxmox_virtual_environment_vm","name":"talos_wkr_viper","provider":"provider[\"registry.opentofu.org/bpg/proxmox\"]","instances":[{"schema_version":0,"attributes":{"acpi":true,"agent":[{"enabled":true,"timeout":"5m","trim":true,"type":"virtio"}],"audio_device":[],"bios":"seabios","boot_order":null,"cdrom":[],"clone":[],"cpu":[{"affinity":"","architecture":"","cores":4,"flags":null,"hotplugged":0,"limit":0,"numa":true,"sockets":1,"type":"host","units":1024}],"description":"Managed by OpenTofu. Talos worker pour tous les services annexes.","disk":[{"aio":"native","backup":true,"cache":"none","datastore_id":"local-nvme-vm","discard":"on","file_format":"qcow2","file_id":"local-nvme-vm:iso/talos-v1.9.1.qcow2.img","interface":"scsi0","iothread":true,"path_in_datastore":"9991202/vm-9991202-disk-1.qcow2","replicate":false,"serial":"","size":128,"speed":[],"ssd":false}],"efi_disk":[],"hook_script_file_id":null,"hostpci":[],"id":"9991202","initialization":[],"ipv4_addresses":[["127.0.0.1"],[],[],[],[],[],[],["192.168.1.202"]],"ipv6_addresses":[["::1"],[],[],[],[],[],[],["fe80::be24:11ff:feca:fe02"]],"keyboard_layout":"fr","kvm_arguments":"","mac_addresses":["00:00:00:00:00:00","1A:3A:2C:19:E4:76","86:D5:F4:18:E0:5A","00:00:00:00:00:00","00:00:00:00:00:00","00:00:00:00:00:00","00:00:00:00:00:00","BC:24:11:CA:FE:02"],"machine":"pc-q35-9.0","memory":[{"dedicated":16384,"floating":16384,"hugepages":"","keep_hugepages":false,"shared":0}],"migrate":true,"name":"viper","network_device":[{"bridge":"vmbr0","disconnected":false,"enabled":true,"firewall":false,"mac_address":"BC:24:11:CA:FE:02","model":"virtio","mtu":0,"queues":0,"rate_limit":0,"trunks":"","vlan_id":0}],"network_interface_names":["lo","bond0","dummy0","teql0","tunl0","sit0","ip6tnl0","eth0"],"node_name":"miniquarium","numa":[],"on_boot":true,"operating_system":[{"type":"l26"}],"pool_id":null,"protection":false,"reboot":false,"scsi_hardware":"virtio-scsi-single","serial_device":[{"device":"socket"}],"smbios":[],"started":true,"startup":[{"down_delay":60,"order":3,"up_delay":15}],"stop_on_destroy":true,"tablet_device":false,"tags":["infra","kubernetes","talos","worker"],"template":false,"timeout_clone":1800,"timeout_create":180,"timeout_migrate":1800,"timeout_move_disk":1800,"timeout_reboot":1800,"timeout_shutdown_vm":30,"timeout_start_vm":1800,"timeout_stop_vm":30,"tpm_state":[{"datastore_id":"local-nvme-vm","version":"v2.0"}],"usb":[],"vga":[],"vm_id":9991202,"watchdog":[]},"sensitive_attributes":[],"private":"bnVsbA==","dependencies":["data.sops_file.pve_secrets","proxmox_virtual_environment_download_file.talos_img"]}]}],"check_results":null}
