{"version":4,"terraform_version":"1.9.0","serial":3,"lineage":"0c1fbd45-4bb0-e247-6899-f92b99436e7c","outputs":{"vm_root_password":{"value":{"nix-test":"B1Ha5B_q83m2bget4m8hREce"},"type":["object",{"nix-test":"string"}],"sensitive":true}},"resources":[{"mode":"data","type":"sops_file","name":"pve_secrets","provider":"provider[\"registry.opentofu.org/carlpett/sops\"]","instances":[{"schema_version":0,"attributes":{"data":{"proxmate_password":"Fanning7-Protract5-Fog4-Safari2-Gibberish8","pve_api_token":"opentofu@pve!provider=e5cc4e5f-6034-4e45-a63a-e3c5b9f6b1d1","pve_endpoint":"https://192.168.1.1:8006/api2/json"},"id":"-","input_type":null,"raw":"proxmate_password: Fanning7-Protract5-Fog4-Safari2-Gibberish8\npve_api_token: opentofu@pve!provider=e5cc4e5f-6034-4e45-a63a-e3c5b9f6b1d1\npve_endpoint: https://192.168.1.1:8006/api2/json\n","source_file":"pve_secrets.yaml"},"sensitive_attributes":[]}]},{"mode":"managed","type":"proxmox_virtual_environment_download_file","name":"nixos_latest","provider":"provider[\"registry.opentofu.org/bpg/proxmox\"]","instances":[{"schema_version":0,"attributes":{"checksum":"694e26555771bfbad4c157ddb398ae8444a15122f0073141af3784ebd06f19fb","checksum_algorithm":"sha256","content_type":"iso","datastore_id":"local-nvme-vm","decompression_algorithm":null,"file_name":"nixos_24.11.iso","id":"local-nvme-vm:iso/nixos_24.11.iso","node_name":"miniquarium","overwrite":true,"overwrite_unmanaged":false,"size":1202061312,"upload_timeout":180,"url":"https://channels.nixos.org/nixos-24.11/latest-nixos-minimal-x86_64-linux.iso","verify":true},"sensitive_attributes":[],"private":"eyJvcmlnaW5hbF9zdGF0ZV9zaXplIjoiTVRJd01qQTJNVE14TWc9PSIsInVybF9zaXplIjoiTVRJd01qQTJNVE14TWc9PSJ9","dependencies":["data.sops_file.pve_secrets"]}]},{"mode":"managed","type":"proxmox_virtual_environment_vm","name":"vm","provider":"provider[\"registry.opentofu.org/bpg/proxmox\"]","instances":[{"index_key":"nix-test","status":"tainted","schema_version":0,"attributes":{"acpi":true,"agent":[{"enabled":true,"timeout":"5m","trim":true,"type":"virtio"}],"audio_device":[],"bios":"seabios","boot_order":["ide0","scsi0","scsi1"],"cdrom":[{"enabled":true,"file_id":"local-nvme-vm:iso/nixos_24.11.iso","interface":"ide0"}],"clone":[],"cpu":[{"affinity":"","architecture":"","cores":1,"flags":null,"hotplugged":0,"limit":0,"numa":true,"sockets":1,"type":"host","units":1024}],"description":"Managed by OpenTofu. Tools installed: `cockpit`, `nut`. MV utilisée seulement pour exploiter l'onduleur en USB.","disk":[{"aio":"native","backup":true,"cache":"none","datastore_id":"local-nvme-vm","discard":"on","file_format":"qcow2","file_id":"","interface":"scsi0","iothread":true,"path_in_datastore":"991111/vm-991111-disk-1.qcow2","replicate":false,"serial":"","size":32,"speed":[],"ssd":false},{"aio":"native","backup":true,"cache":"none","datastore_id":"local-nvme-vm","discard":"on","file_format":"qcow2","file_id":"","interface":"scsi1","iothread":true,"path_in_datastore":"991111/vm-991111-disk-2.qcow2","replicate":false,"serial":"","size":32,"speed":[],"ssd":false}],"efi_disk":[{"datastore_id":"local-nvme-vm","file_format":"raw","pre_enrolled_keys":false,"type":"4m"}],"hook_script_file_id":null,"hostpci":[],"id":"991111","initialization":[],"ipv4_addresses":[],"ipv6_addresses":[],"keyboard_layout":"fr","kvm_arguments":"","mac_addresses":[],"machine":"pc-q35-9.0","memory":[{"dedicated":2048,"floating":2048,"hugepages":"","keep_hugepages":false,"shared":0}],"migrate":true,"name":"nix-test","network_device":[{"bridge":"vmbr0","disconnected":false,"enabled":true,"firewall":false,"mac_address":"BC:24:11:CA:FE:11","model":"virtio","mtu":0,"queues":0,"rate_limit":0,"trunks":"","vlan_id":0}],"network_interface_names":[],"node_name":"miniquarium","numa":[],"on_boot":true,"operating_system":[{"type":"l26"}],"pool_id":"temp","protection":false,"reboot":false,"scsi_hardware":"virtio-scsi-single","serial_device":[{"device":"socket"}],"smbios":[{"family":"VM","manufacturer":"QEMU","product":"virtio","serial":"","sku":"","uuid":"f02a41eb-dd72-4a21-9e16-21de97ad85ad","version":"1.0"}],"started":true,"startup":[{"down_delay":60,"order":1,"up_delay":15}],"stop_on_destroy":true,"tablet_device":false,"tags":["infra","nixos"],"template":false,"timeout_clone":1800,"timeout_create":180,"timeout_migrate":1800,"timeout_move_disk":1800,"timeout_reboot":1800,"timeout_shutdown_vm":30,"timeout_start_vm":1800,"timeout_stop_vm":30,"tpm_state":[{"datastore_id":"local-nvme-vm","version":"v2.0"}],"usb":[],"vga":[{"clipboard":"","memory":16,"type":"virtio"}],"vm_id":991111,"watchdog":[]},"sensitive_attributes":[],"private":"bnVsbA==","dependencies":["data.sops_file.pve_secrets","proxmox_virtual_environment_download_file.nixos_latest","random_password.vm_root_password"]}]},{"mode":"managed","type":"random_password","name":"vm_root_password","provider":"provider[\"registry.opentofu.org/hashicorp/random\"]","instances":[{"index_key":"nix-test","schema_version":3,"attributes":{"bcrypt_hash":"$2a$10$wArxZAed/NPUm3SP18YZKO8niMshgJUsDaRFnl.p6xtHquo4Y9pTC","id":"none","keepers":null,"length":24,"lower":true,"min_lower":0,"min_numeric":0,"min_special":0,"min_upper":0,"number":true,"numeric":true,"override_special":"_%@","result":"B1Ha5B_q83m2bget4m8hREce","special":true,"upper":true},"sensitive_attributes":[[{"type":"get_attr","value":"result"}],[{"type":"get_attr","value":"bcrypt_hash"}]]}]}],"check_results":null}
