{"version":4,"terraform_version":"1.9.0","serial":1,"lineage":"0c1fbd45-4bb0-e247-6899-f92b99436e7c","outputs":{"vm_root_password":{"value":{"nix-test":"B1Ha5B_q83m2bget4m8hREce"},"type":["object",{"nix-test":"string"}],"sensitive":true}},"resources":[{"mode":"data","type":"sops_file","name":"pve_secrets","provider":"provider[\"registry.opentofu.org/carlpett/sops\"]","instances":[{"schema_version":0,"attributes":{"data":{"proxmate_password":"Fanning7-Protract5-Fog4-Safari2-Gibberish8","pve_api_token":"opentofu@pve!provider=e5cc4e5f-6034-4e45-a63a-e3c5b9f6b1d1","pve_endpoint":"https://192.168.1.1:8006/api2/json"},"id":"-","input_type":null,"raw":"proxmate_password: Fanning7-Protract5-Fog4-Safari2-Gibberish8\npve_api_token: opentofu@pve!provider=e5cc4e5f-6034-4e45-a63a-e3c5b9f6b1d1\npve_endpoint: https://192.168.1.1:8006/api2/json\n","source_file":"pve_secrets.yaml"},"sensitive_attributes":[]}]},{"mode":"managed","type":"proxmox_virtual_environment_download_file","name":"nixos_latest","provider":"provider[\"registry.opentofu.org/bpg/proxmox\"]","instances":[{"schema_version":0,"attributes":{"checksum":"694e26555771bfbad4c157ddb398ae8444a15122f0073141af3784ebd06f19fb","checksum_algorithm":"sha256","content_type":"iso","datastore_id":"local-nvme-vm","decompression_algorithm":null,"file_name":"nixos_24.11.iso","id":"local-nvme-vm:iso/nixos_24.11.iso","node_name":"miniquarium","overwrite":true,"overwrite_unmanaged":false,"size":1202061312,"upload_timeout":180,"url":"https://channels.nixos.org/nixos-24.11/latest-nixos-minimal-x86_64-linux.iso","verify":true},"sensitive_attributes":[],"dependencies":["data.sops_file.pve_secrets"]}]},{"mode":"managed","type":"random_password","name":"vm_root_password","provider":"provider[\"registry.opentofu.org/hashicorp/random\"]","instances":[{"index_key":"nix-test","schema_version":3,"attributes":{"bcrypt_hash":"$2a$10$wArxZAed/NPUm3SP18YZKO8niMshgJUsDaRFnl.p6xtHquo4Y9pTC","id":"none","keepers":null,"length":24,"lower":true,"min_lower":0,"min_numeric":0,"min_special":0,"min_upper":0,"number":true,"numeric":true,"override_special":"_%@","result":"B1Ha5B_q83m2bget4m8hREce","special":true,"upper":true},"sensitive_attributes":[[{"type":"get_attr","value":"bcrypt_hash"}],[{"type":"get_attr","value":"result"}]]}]}],"check_results":null}
