{"version":4,"terraform_version":"1.8.3","serial":20,"lineage":"47491bf0-ab80-9f11-49e8-d35b5c8cbf54","outputs":{"ct_root_password":{"value":{"vault":"%4ozpFYdZByEVQhEkXQ2fKvL"},"type":["object",{"vault":"string"}],"sensitive":true}},"resources":[{"mode":"data","type":"sops_file","name":"pve_secrets","provider":"provider[\"registry.opentofu.org/carlpett/sops\"]","instances":[{"schema_version":0,"attributes":{"data":{"pve_api_token":"builder@pve!opentofu=d916d4b9-a236-47b4-8297-0b8f897d1a8d","pve_endpoint":"https://192.168.1.1:8006/api2/json"},"id":"-","input_type":null,"raw":"pve_api_token: builder@pve!opentofu=d916d4b9-a236-47b4-8297-0b8f897d1a8d\npve_endpoint: https://192.168.1.1:8006/api2/json\n","source_file":"pve_secrets.yaml"},"sensitive_attributes":[]}]},{"mode":"managed","type":"proxmox_virtual_environment_container","name":"ct","provider":"provider[\"registry.opentofu.org/bpg/proxmox\"]","instances":[{"index_key":"vault","schema_version":0,"attributes":{"clone":[],"console":[],"cpu":[{"architecture":"amd64","cores":1,"units":1024}],"description":"Managed by OpenTofu. Hashicorp Vault, internal PKI + secrets manager\n","disk":[{"datastore_id":"ct","size":16}],"features":[{"fuse":false,"keyctl":false,"mount":null,"nesting":true}],"hook_script_file_id":null,"id":"1201","initialization":[{"dns":[{"domain":"local.hommet.net","server":"","servers":["192.168.1.2"]}],"hostname":"vault","ip_config":[{"ipv4":[{"address":"192.168.1.201/24","gateway":"192.168.1.254"}],"ipv6":[{"address":"auto","gateway":""}]}],"user_account":[{"keys":["ssh-ed25519 AAAAC3NzaC1lZDI1NTE5AAAAIEEHKEQ6FLrn8b85ClMxvu04DbAiyMZ5tf5ktL4xEpSZ mettmett@JH-LVL10"],"password":"%4ozpFYdZByEVQhEkXQ2fKvL"}]}],"memory":[{"dedicated":512,"swap":0}],"mount_point":[],"network_interface":[{"bridge":"vmbr0","enabled":true,"firewall":false,"mac_address":"BC:24:11:CA:FE:01","mtu":0,"name":"vmbr0","rate_limit":100,"vlan_id":0}],"node_name":"proxmox","operating_system":[{"template_file_id":"iso:vztmpl/archlinux-base_20240911-1_amd64.tar.zst","type":"archlinux"}],"pool_id":"prod","protection":false,"start_on_boot":true,"started":true,"startup":[{"down_delay":-1,"order":1,"up_delay":5}],"tags":["arch","ct","prod"],"template":false,"timeout_clone":1800,"timeout_create":120,"timeout_delete":120,"timeout_start":300,"timeout_update":60,"unprivileged":true,"vm_id":1201},"sensitive_attributes":[[{"type":"get_attr","value":"initialization"},{"type":"index","value":{"value":0,"type":"number"}},{"type":"get_attr","value":"user_account"},{"type":"index","value":{"value":0,"type":"number"}},{"type":"get_attr","value":"password"}]],"private":"bnVsbA==","dependencies":["data.sops_file.pve_secrets","proxmox_virtual_environment_file.arch_container_template","random_password.ct_root_password"]}]},{"mode":"managed","type":"proxmox_virtual_environment_file","name":"arch_container_template","provider":"provider[\"registry.opentofu.org/bpg/proxmox\"]","instances":[{"schema_version":0,"attributes":{"content_type":"vztmpl","datastore_id":"iso","file_mode":null,"file_modification_date":"2024-09-11T08:11:00Z","file_name":"archlinux-base_20240911-1_amd64.tar.zst","file_size":157012321,"file_tag":"66e15094-95bd161","id":"iso:vztmpl/archlinux-base_20240911-1_amd64.tar.zst","node_name":"proxmox","overwrite":true,"source_file":[{"changed":false,"checksum":"","file_name":"","insecure":false,"min_tls":"","path":"http://download.proxmox.com/images/system/archlinux-base_20240911-1_amd64.tar.zst"}],"source_raw":[],"timeout_upload":1800},"sensitive_attributes":[],"private":"bnVsbA==","dependencies":["data.sops_file.pve_secrets"]}]},{"mode":"managed","type":"proxmox_virtual_environment_file","name":"debian_container_template","provider":"provider[\"registry.opentofu.org/bpg/proxmox\"]","instances":[{"schema_version":0,"attributes":{"content_type":"vztmpl","datastore_id":"iso","file_mode":null,"file_modification_date":"2024-09-11T08:09:12Z","file_name":"debian-12-standard_12.7-1_amd64.tar.zst","file_size":126515062,"file_tag":"66e15028-78a7776","id":"iso:vztmpl/debian-12-standard_12.7-1_amd64.tar.zst","node_name":"proxmox","overwrite":true,"source_file":[{"changed":false,"checksum":"","file_name":"","insecure":false,"min_tls":"","path":"http://download.proxmox.com/images/system/debian-12-standard_12.7-1_amd64.tar.zst"}],"source_raw":[],"timeout_upload":1800},"sensitive_attributes":[],"private":"bnVsbA==","dependencies":["data.sops_file.pve_secrets"]}]},{"mode":"managed","type":"proxmox_virtual_environment_hagroup","name":"ha_ct_infra","provider":"provider[\"registry.opentofu.org/bpg/proxmox\"]","instances":[{"schema_version":0,"attributes":{"comment":"Managed by OpenTofu. Containers in this group are and needs to be always up.","group":"ct_infra","id":"ct_infra","no_failback":false,"nodes":{"pve1":1},"restricted":true},"sensitive_attributes":[],"dependencies":["data.sops_file.pve_secrets"]}]},{"mode":"managed","type":"random_password","name":"ct_root_password","provider":"provider[\"registry.opentofu.org/hashicorp/random\"]","instances":[{"index_key":"vault","schema_version":3,"attributes":{"bcrypt_hash":"$2a$10$NmYi2Ics43QTYjz0xXtrAe.sEvJQDIyVMqhP2aDAEtIS61BPEidha","id":"none","keepers":null,"length":24,"lower":true,"min_lower":0,"min_numeric":0,"min_special":0,"min_upper":0,"number":true,"numeric":true,"override_special":"_%@","result":"%4ozpFYdZByEVQhEkXQ2fKvL","special":true,"upper":true},"sensitive_attributes":[[{"type":"get_attr","value":"result"}],[{"type":"get_attr","value":"bcrypt_hash"}]]}]}],"check_results":null}
