{"version":4,"terraform_version":"1.9.0","serial":115,"lineage":"590293f7-5c6d-068a-3830-4f311f98ada6","outputs":{"vm_root_password":{"value":{"charger":"XqfdoeGToSMOmr_8N17xk27P","tesla":"SRKQPDfG2Xr__ssKVq1a1SLL"},"type":["object",{"charger":"string","tesla":"string"}],"sensitive":true}},"resources":[{"mode":"data","type":"sops_file","name":"pve_secrets","provider":"provider[\"registry.opentofu.org/carlpett/sops\"]","instances":[{"schema_version":0,"attributes":{"data":{"proxmate_password":"Fanning7-Protract5-Fog4-Safari2-Gibberish8","pve_api_token":"opentofu@pve!provider=e5cc4e5f-6034-4e45-a63a-e3c5b9f6b1d1","pve_endpoint":"https://192.168.1.1:8006/api2/json"},"id":"-","input_type":null,"raw":"proxmate_password: Fanning7-Protract5-Fog4-Safari2-Gibberish8\npve_api_token: opentofu@pve!provider=e5cc4e5f-6034-4e45-a63a-e3c5b9f6b1d1\npve_endpoint: https://192.168.1.1:8006/api2/json\n","source_file":"pve_secrets.yaml"},"sensitive_attributes":[]}]},{"mode":"managed","type":"proxmox_virtual_environment_file","name":"meta_cloud_config","provider":"provider[\"registry.opentofu.org/bpg/proxmox\"]","instances":[{"index_key":"charger","schema_version":0,"attributes":{"content_type":"snippets","datastore_id":"local","file_mode":null,"file_modification_date":null,"file_name":"charger_ci_meta-data.yml","file_size":null,"file_tag":null,"id":"local:snippets/charger_ci_meta-data.yml","node_name":"miniquarium","overwrite":true,"source_file":[],"source_raw":[{"data":"instance-id: charger-instance\nlocal-hostname: charger\n","file_name":"charger_ci_meta-data.yml","resize":0}],"timeout_upload":1800},"sensitive_attributes":[],"private":"bnVsbA==","dependencies":["data.sops_file.pve_secrets"]},{"index_key":"tesla","schema_version":0,"attributes":{"content_type":"snippets","datastore_id":"local","file_mode":null,"file_modification_date":null,"file_name":"tesla_ci_meta-data.yml","file_size":null,"file_tag":null,"id":"local:snippets/tesla_ci_meta-data.yml","node_name":"miniquarium","overwrite":true,"source_file":[],"source_raw":[{"data":"instance-id: tesla-instance\nlocal-hostname: tesla\n","file_name":"tesla_ci_meta-data.yml","resize":0}],"timeout_upload":1800},"sensitive_attributes":[],"private":"bnVsbA==","dependencies":["data.sops_file.pve_secrets"]}]},{"mode":"managed","type":"proxmox_virtual_environment_file","name":"user_cloud_config","provider":"provider[\"registry.opentofu.org/bpg/proxmox\"]","instances":[{"index_key":"charger","schema_version":0,"attributes":{"content_type":"snippets","datastore_id":"local","file_mode":null,"file_modification_date":"2025-02-10T21:32:55Z","file_name":"charger_ci_user-data.yml","file_size":1531,"file_tag":"67aa7087-5fb","id":"local:snippets/charger_ci_user-data.yml","node_name":"miniquarium","overwrite":true,"source_file":[{"changed":false,"checksum":"","file_name":"charger_ci_user-data.yml","insecure":false,"min_tls":"","path":"cloud-init/charger.yml"}],"source_raw":[],"timeout_upload":1800},"sensitive_attributes":[],"private":"bnVsbA==","dependencies":["data.sops_file.pve_secrets"]},{"index_key":"tesla","schema_version":0,"attributes":{"content_type":"snippets","datastore_id":"local","file_mode":null,"file_modification_date":"2025-02-10T21:35:35Z","file_name":"tesla_ci_user-data.yml","file_size":2504,"file_tag":"67aa7127-9c8","id":"local:snippets/tesla_ci_user-data.yml","node_name":"miniquarium","overwrite":true,"source_file":[{"changed":false,"checksum":"","file_name":"tesla_ci_user-data.yml","insecure":false,"min_tls":"","path":"cloud-init/tesla.yml"}],"source_raw":[],"timeout_upload":1800},"sensitive_attributes":[],"private":"bnVsbA==","dependencies":["data.sops_file.pve_secrets"]}]},{"mode":"managed","type":"proxmox_virtual_environment_hardware_mapping_usb","name":"onduleur","provider":"provider[\"registry.opentofu.org/bpg/proxmox\"]","instances":[{"schema_version":0,"attributes":{"comment":"UPS Eaton 3S","id":"onduleur","map":[{"comment":"UPS Eaton USB","id":"0463:ffff","node":"miniquarium","path":null}],"name":"onduleur"},"sensitive_attributes":[],"dependencies":["data.sops_file.pve_secrets"]}]},{"mode":"managed","type":"proxmox_virtual_environment_vm","name":"vm","provider":"provider[\"registry.opentofu.org/bpg/proxmox\"]","instances":[{"index_key":"charger","schema_version":0,"attributes":{"acpi":true,"agent":[{"enabled":true,"timeout":"5m","trim":true,"type":"virtio"}],"audio_device":[],"bios":"ovmf","boot_order":["scsi0"],"cdrom":[],"clone":[],"cpu":[{"affinity":"","architecture":"","cores":1,"flags":[],"hotplugged":0,"limit":0,"numa":true,"sockets":1,"type":"host","units":1024}],"description":"Managed by OpenTofu. Tools installed: `cockpit`, `nfs-kernel-server`. MV utilisée seulement pour le stockage NFS des machines et des conteneurs.","disk":[{"aio":"native","backup":true,"cache":"none","datastore_id":"zfs_nvme","discard":"on","file_format":"raw","file_id":"local:iso/ubuntu-24-amd64.img","interface":"scsi0","iothread":true,"path_in_datastore":"vm-132-disk-2","replicate":false,"serial":"","size":48,"speed":[],"ssd":false}],"efi_disk":[{"datastore_id":"zfs_nvme","file_format":"raw","pre_enrolled_keys":false,"type":"4m"}],"hook_script_file_id":null,"hostpci":[],"id":"132","initialization":[{"datastore_id":"zfs_nvme","dns":[{"domain":"dc.prive.local.hommet.net","server":"","servers":["192.168.1.254"]}],"interface":"ide2","ip_config":[{"ipv4":[{"address":"192.168.1.32/24","gateway":"192.168.1.254"}],"ipv6":[]}],"meta_data_file_id":"local:snippets/charger_ci_meta-data.yml","network_data_file_id":"","type":"","upgrade":false,"user_account":[],"user_data_file_id":"local:snippets/charger_ci_user-data.yml","vendor_data_file_id":""}],"ipv4_addresses":[],"ipv6_addresses":[],"keyboard_layout":"fr","kvm_arguments":"","mac_addresses":[],"machine":"pc-q35-9.0","memory":[{"dedicated":1024,"floating":1024,"hugepages":"","keep_hugepages":false,"shared":0}],"migrate":true,"name":"charger","network_device":[{"bridge":"vmbr0","disconnected":false,"enabled":true,"firewall":false,"mac_address":"BC:24:11:CA:FE:32","model":"virtio","mtu":0,"queues":0,"rate_limit":0,"trunks":"","vlan_id":0}],"network_interface_names":[],"node_name":"miniquarium","numa":[],"on_boot":true,"operating_system":[{"type":"l26"}],"pool_id":"prod","protection":false,"reboot":false,"scsi_hardware":"virtio-scsi-single","serial_device":[{"device":"socket"}],"smbios":[{"family":"VM","manufacturer":"QEMU","product":"virtio","serial":"","sku":"","uuid":"2594a690-fd06-4e7c-9709-f70a5a7e4ab4","version":"1.0"}],"started":true,"startup":[{"down_delay":60,"order":1,"up_delay":5}],"stop_on_destroy":true,"tablet_device":false,"tags":["infra","ubuntu24"],"template":false,"timeout_clone":1800,"timeout_create":180,"timeout_migrate":1800,"timeout_move_disk":1800,"timeout_reboot":1800,"timeout_shutdown_vm":30,"timeout_start_vm":1800,"timeout_stop_vm":30,"tpm_state":[{"datastore_id":"zfs_nvme","version":"v2.0"}],"usb":[],"vga":[{"clipboard":"","memory":16,"type":"virtio"}],"vm_id":132,"watchdog":[]},"sensitive_attributes":[],"private":"bnVsbA==","dependencies":["data.sops_file.pve_secrets","proxmox_virtual_environment_file.meta_cloud_config","proxmox_virtual_environment_file.user_cloud_config","random_password.vm_root_password"]},{"index_key":"tesla","schema_version":0,"attributes":{"acpi":true,"agent":[{"enabled":true,"timeout":"5m","trim":true,"type":"virtio"}],"audio_device":[],"bios":"ovmf","boot_order":["scsi0"],"cdrom":[],"clone":[],"cpu":[{"affinity":"","architecture":"","cores":1,"flags":[],"hotplugged":0,"limit":0,"numa":true,"sockets":1,"type":"host","units":1024}],"description":"Managed by OpenTofu. Tools installed: `cockpit`, `nut`. MV utilisée seulement pour exploiter l'onduleur en USB.","disk":[{"aio":"native","backup":true,"cache":"none","datastore_id":"zfs_nvme","discard":"on","file_format":"raw","file_id":"local:iso/ubuntu-24-amd64.img","interface":"scsi0","iothread":true,"path_in_datastore":"vm-131-disk-2","replicate":false,"serial":"","size":16,"speed":[],"ssd":false}],"efi_disk":[{"datastore_id":"zfs_nvme","file_format":"raw","pre_enrolled_keys":false,"type":"4m"}],"hook_script_file_id":null,"hostpci":[],"id":"131","initialization":[{"datastore_id":"zfs_nvme","dns":[{"domain":"dc.prive.local.hommet.net","server":"","servers":["192.168.1.254"]}],"interface":"ide2","ip_config":[{"ipv4":[{"address":"192.168.1.31/24","gateway":"192.168.1.254"}],"ipv6":[]}],"meta_data_file_id":"local:snippets/tesla_ci_meta-data.yml","network_data_file_id":"","type":"","upgrade":false,"user_account":[],"user_data_file_id":"local:snippets/tesla_ci_user-data.yml","vendor_data_file_id":""}],"ipv4_addresses":[],"ipv6_addresses":[],"keyboard_layout":"fr","kvm_arguments":"","mac_addresses":[],"machine":"pc-q35-9.0","memory":[{"dedicated":1024,"floating":1024,"hugepages":"","keep_hugepages":false,"shared":0}],"migrate":true,"name":"tesla","network_device":[{"bridge":"vmbr0","disconnected":false,"enabled":true,"firewall":false,"mac_address":"BC:24:11:CA:FE:31","model":"virtio","mtu":0,"queues":0,"rate_limit":100,"trunks":"","vlan_id":0}],"network_interface_names":[],"node_name":"miniquarium","numa":[],"on_boot":true,"operating_system":[{"type":"l26"}],"pool_id":"prod","protection":false,"reboot":false,"scsi_hardware":"virtio-scsi-single","serial_device":[{"device":"socket"}],"smbios":[{"family":"VM","manufacturer":"QEMU","product":"virtio","serial":"","sku":"","uuid":"b08172bb-f334-4eb5-811b-374965c84975","version":"1.0"}],"started":true,"startup":[{"down_delay":60,"order":2,"up_delay":5}],"stop_on_destroy":true,"tablet_device":false,"tags":["infra","ubuntu24"],"template":false,"timeout_clone":1800,"timeout_create":180,"timeout_migrate":1800,"timeout_move_disk":1800,"timeout_reboot":1800,"timeout_shutdown_vm":30,"timeout_start_vm":1800,"timeout_stop_vm":30,"tpm_state":[{"datastore_id":"zfs_nvme","version":"v2.0"}],"usb":[{"host":"","mapping":"onduleur","usb3":false}],"vga":[{"clipboard":"","memory":16,"type":"virtio"}],"vm_id":131,"watchdog":[]},"sensitive_attributes":[],"private":"bnVsbA==","dependencies":["data.sops_file.pve_secrets","proxmox_virtual_environment_file.meta_cloud_config","proxmox_virtual_environment_file.user_cloud_config","random_password.vm_root_password"]}]},{"mode":"managed","type":"random_password","name":"vm_root_password","provider":"provider[\"registry.opentofu.org/hashicorp/random\"]","instances":[{"index_key":"charger","schema_version":3,"attributes":{"bcrypt_hash":"$2a$10$n2BG3IpbWxZ26YtOjRTLDu.X9ohvNDo3OoLVCKeBcrUKe/f7Id1Gi","id":"none","keepers":null,"length":24,"lower":true,"min_lower":0,"min_numeric":0,"min_special":0,"min_upper":0,"number":true,"numeric":true,"override_special":"_%@","result":"XqfdoeGToSMOmr_8N17xk27P","special":true,"upper":true},"sensitive_attributes":[[{"type":"get_attr","value":"bcrypt_hash"}],[{"type":"get_attr","value":"result"}]]},{"index_key":"tesla","schema_version":3,"attributes":{"bcrypt_hash":"$2a$10$eGZckzWlVrWicd380dW53eqlkRBrXxkbsfvlo1RIdixYVLivx8CXC","id":"none","keepers":null,"length":24,"lower":true,"min_lower":0,"min_numeric":0,"min_special":0,"min_upper":0,"number":true,"numeric":true,"override_special":"_%@","result":"SRKQPDfG2Xr__ssKVq1a1SLL","special":true,"upper":true},"sensitive_attributes":[[{"type":"get_attr","value":"result"}],[{"type":"get_attr","value":"bcrypt_hash"}]]}]}],"check_results":null}
